// !$*UTF8*$!
{
	archiveVersion = 1;
	classes = {
	};
	objectVersion = 46;
	objects = {

/* Begin PBXBuildFile section */
		FF010EB218DD845200065D61 /* neverlooselogo.png in Resources */ = {isa = PBXBuildFile; fileRef = FF010EB118DD845200065D61 /* neverlooselogo.png */; };
		FF0164F918DC3D8200F38467 /* iconStatusAdvertising.png in Resources */ = {isa = PBXBuildFile; fileRef = FF0164F818DC3D8200F38467 /* iconStatusAdvertising.png */; };
		FF0164FB18DC3D9E00F38467 /* iconBeepOff.png in Resources */ = {isa = PBXBuildFile; fileRef = FF0164FA18DC3D9E00F38467 /* iconBeepOff.png */; };
		FF0164FD18DC3DA500F38467 /* iconBeepOn.png in Resources */ = {isa = PBXBuildFile; fileRef = FF0164FC18DC3DA500F38467 /* iconBeepOn.png */; };
		FF0164FF18DC43B200F38467 /* GBox Finder Logo.png in Resources */ = {isa = PBXBuildFile; fileRef = FF0164FE18DC43B200F38467 /* GBox Finder Logo.png */; };
		FF01650118DC492100F38467 /* AVFoundation.framework in Frameworks */ = {isa = PBXBuildFile; fileRef = FF01650018DC492100F38467 /* AVFoundation.framework */; };
		FF271FFD18B752D800D50BEF /* AudioToolbox.framework in Frameworks */ = {isa = PBXBuildFile; fileRef = FF248C2A18B74D8D00729E19 /* AudioToolbox.framework */; };
		FF3D0DC718D9A706002ECAE3 /* DEATheme.m in Sources */ = {isa = PBXBuildFile; fileRef = FF3D0DC418D9A706002ECAE3 /* DEATheme.m */; };
		FF3D0DC818D9A706002ECAE3 /* DEADefaultTheme.m in Sources */ = {isa = PBXBuildFile; fileRef = FF3D0DC618D9A706002ECAE3 /* DEADefaultTheme.m */; };
		FF3D0DCB18D9A70E002ECAE3 /* DEABaseViewController.m in Sources */ = {isa = PBXBuildFile; fileRef = FF3D0DCA18D9A70E002ECAE3 /* DEABaseViewController.m */; };
		FF3D0DCE18D9A717002ECAE3 /* DEACentralManager.m in Sources */ = {isa = PBXBuildFile; fileRef = FF3D0DCD18D9A717002ECAE3 /* DEACentralManager.m */; };
		FF3D0DE418D9A72B002ECAE3 /* DEASensorTag.m in Sources */ = {isa = PBXBuildFile; fileRef = FF3D0DD118D9A72B002ECAE3 /* DEASensorTag.m */; };
		FF3D0DE518D9A72B002ECAE3 /* DEABaseService.m in Sources */ = {isa = PBXBuildFile; fileRef = FF3D0DD318D9A72B002ECAE3 /* DEABaseService.m */; };
		FF3D0DE618D9A72B002ECAE3 /* DEAAccelerometerService.m in Sources */ = {isa = PBXBuildFile; fileRef = FF3D0DD518D9A72B002ECAE3 /* DEAAccelerometerService.m */; };
		FF3D0DE718D9A72B002ECAE3 /* DEABarometerService.m in Sources */ = {isa = PBXBuildFile; fileRef = FF3D0DD718D9A72B002ECAE3 /* DEABarometerService.m */; };
		FF3D0DE818D9A72B002ECAE3 /* DEADeviceInfoService.m in Sources */ = {isa = PBXBuildFile; fileRef = FF3D0DD918D9A72B002ECAE3 /* DEADeviceInfoService.m */; };
		FF3D0DE918D9A72B002ECAE3 /* DEAGyroscopeService.m in Sources */ = {isa = PBXBuildFile; fileRef = FF3D0DDB18D9A72B002ECAE3 /* DEAGyroscopeService.m */; };
		FF3D0DEA18D9A72B002ECAE3 /* DEAHumidityService.m in Sources */ = {isa = PBXBuildFile; fileRef = FF3D0DDD18D9A72B002ECAE3 /* DEAHumidityService.m */; };
		FF3D0DEB18D9A72B002ECAE3 /* DEAMagnetometerService.m in Sources */ = {isa = PBXBuildFile; fileRef = FF3D0DDF18D9A72B002ECAE3 /* DEAMagnetometerService.m */; };
		FF3D0DEC18D9A72B002ECAE3 /* DEASimpleKeysService.m in Sources */ = {isa = PBXBuildFile; fileRef = FF3D0DE118D9A72B002ECAE3 /* DEASimpleKeysService.m */; };
		FF3D0DED18D9A72B002ECAE3 /* DEATemperatureService.m in Sources */ = {isa = PBXBuildFile; fileRef = FF3D0DE318D9A72B002ECAE3 /* DEATemperatureService.m */; };
		FF3D0E0018D9A740002ECAE3 /* YMS128.c in Sources */ = {isa = PBXBuildFile; fileRef = FF3D0DEF18D9A740002ECAE3 /* YMS128.c */; };
		FF3D0E0118D9A740002ECAE3 /* YMSCBCentralManager.m in Sources */ = {isa = PBXBuildFile; fileRef = FF3D0DF118D9A740002ECAE3 /* YMSCBCentralManager.m */; };
		FF3D0E0218D9A740002ECAE3 /* YMSCBPeripheral.m in Sources */ = {isa = PBXBuildFile; fileRef = FF3D0DF318D9A740002ECAE3 /* YMSCBPeripheral.m */; };
		FF3D0E0318D9A740002ECAE3 /* YMSCBService.m in Sources */ = {isa = PBXBuildFile; fileRef = FF3D0DF518D9A740002ECAE3 /* YMSCBService.m */; };
		FF3D0E0418D9A740002ECAE3 /* YMSCBCharacteristic.m in Sources */ = {isa = PBXBuildFile; fileRef = FF3D0DF718D9A740002ECAE3 /* YMSCBCharacteristic.m */; };
		FF3D0E0518D9A740002ECAE3 /* YMSCBDescriptor.m in Sources */ = {isa = PBXBuildFile; fileRef = FF3D0DF918D9A740002ECAE3 /* YMSCBDescriptor.m */; };
		FF3D0E0618D9A740002ECAE3 /* YMSCBUtils.m in Sources */ = {isa = PBXBuildFile; fileRef = FF3D0DFB18D9A740002ECAE3 /* YMSCBUtils.m */; };
		FF3D0E0718D9A740002ECAE3 /* YMSCBStoredPeripherals.m in Sources */ = {isa = PBXBuildFile; fileRef = FF3D0DFD18D9A740002ECAE3 /* YMSCBStoredPeripherals.m */; };
		FF3D0E0818D9A740002ECAE3 /* NSMutableArray+fifoQueue.m in Sources */ = {isa = PBXBuildFile; fileRef = FF3D0DFF18D9A740002ECAE3 /* NSMutableArray+fifoQueue.m */; };
		FF3D0E0C18D9A759002ECAE3 /* DEASensorTagViewController.m in Sources */ = {isa = PBXBuildFile; fileRef = FF3D0E0A18D9A759002ECAE3 /* DEASensorTagViewController.m */; };
		FF3D0E0D18D9A759002ECAE3 /* DEASensorTagViewController.xib in Resources */ = {isa = PBXBuildFile; fileRef = FF3D0E0B18D9A759002ECAE3 /* DEASensorTagViewController.xib */; };
		FF3D0E1118D9A763002ECAE3 /* DEAPeripheralTableViewCell.m in Sources */ = {isa = PBXBuildFile; fileRef = FF3D0E0F18D9A763002ECAE3 /* DEAPeripheralTableViewCell.m */; };
		FF3D0E1218D9A763002ECAE3 /* DEAPeripheralTableViewCell.xib in Resources */ = {isa = PBXBuildFile; fileRef = FF3D0E1018D9A763002ECAE3 /* DEAPeripheralTableViewCell.xib */; };
		FF3D0E1618D9A76F002ECAE3 /* DEAPeripheralsViewController.m in Sources */ = {isa = PBXBuildFile; fileRef = FF3D0E1418D9A76F002ECAE3 /* DEAPeripheralsViewController.m */; };
		FF3D0E1718D9A76F002ECAE3 /* DEAPeripheralsViewController.xib in Resources */ = {isa = PBXBuildFile; fileRef = FF3D0E1518D9A76F002ECAE3 /* DEAPeripheralsViewController.xib */; };
		FF3D0E1A18D9A7BE002ECAE3 /* iconStatusSignal.png in Resources */ = {isa = PBXBuildFile; fileRef = FF3D0E1818D9A7BE002ECAE3 /* iconStatusSignal.png */; };
		FF3D0E1B18D9A7BE002ECAE3 /* iconStatusSignal@2x.png in Resources */ = {isa = PBXBuildFile; fileRef = FF3D0E1918D9A7BE002ECAE3 /* iconStatusSignal@2x.png */; };
		FF3D0E2D18D9B81B002ECAE3 /* DEAAccelerometerViewCell.m in Sources */ = {isa = PBXBuildFile; fileRef = FF3D0E1E18D9B81B002ECAE3 /* DEAAccelerometerViewCell.m */; };
		FF3D0E2E18D9B81B002ECAE3 /* DEABarometerViewCell.m in Sources */ = {isa = PBXBuildFile; fileRef = FF3D0E2018D9B81B002ECAE3 /* DEABarometerViewCell.m */; };
		FF3D0E2F18D9B81B002ECAE3 /* DEADeviceInfoViewCell.m in Sources */ = {isa = PBXBuildFile; fileRef = FF3D0E2218D9B81B002ECAE3 /* DEADeviceInfoViewCell.m */; };
		FF3D0E3018D9B81B002ECAE3 /* DEAGyroscopeViewCell.m in Sources */ = {isa = PBXBuildFile; fileRef = FF3D0E2418D9B81B002ECAE3 /* DEAGyroscopeViewCell.m */; };
		FF3D0E3118D9B81B002ECAE3 /* DEAHumidityViewCell.m in Sources */ = {isa = PBXBuildFile; fileRef = FF3D0E2618D9B81B002ECAE3 /* DEAHumidityViewCell.m */; };
		FF3D0E3218D9B81B002ECAE3 /* DEAMagnetometerViewCell.m in Sources */ = {isa = PBXBuildFile; fileRef = FF3D0E2818D9B81B002ECAE3 /* DEAMagnetometerViewCell.m */; };
		FF3D0E3318D9B81B002ECAE3 /* DEASimpleKeysViewCell.m in Sources */ = {isa = PBXBuildFile; fileRef = FF3D0E2A18D9B81B002ECAE3 /* DEASimpleKeysViewCell.m */; };
		FF3D0E3418D9B81B002ECAE3 /* DEATemperatureViewCell.m in Sources */ = {isa = PBXBuildFile; fileRef = FF3D0E2C18D9B81B002ECAE3 /* DEATemperatureViewCell.m */; };
		FF3D7D1D18D2C8C30079E212 /* Blackback.png in Resources */ = {isa = PBXBuildFile; fileRef = FF3D7D1C18D2C8C30079E212 /* Blackback.png */; };
		FF3D7D1E18D2C8C30079E212 /* Blackback.png in Resources */ = {isa = PBXBuildFile; fileRef = FF3D7D1C18D2C8C30079E212 /* Blackback.png */; };
		FF45D11E18A8AEE7000418CE /* GBox Logo.png in Resources */ = {isa = PBXBuildFile; fileRef = FF45D11D18A8AEE7000418CE /* GBox Logo.png */; };
		FF45D12018A8B1C0000418CE /* XboxLogo.png in Resources */ = {isa = PBXBuildFile; fileRef = FF45D11F18A8B1C0000418CE /* XboxLogo.png */; };
		FF45D12218A8B2DE000418CE /* PlayStation-Logo.png in Resources */ = {isa = PBXBuildFile; fileRef = FF45D12118A8B2DE000418CE /* PlayStation-Logo.png */; };
		FF45D12418A8B75B000418CE /* finder logo.png in Resources */ = {isa = PBXBuildFile; fileRef = FF45D12318A8B75B000418CE /* finder logo.png */; };
		FF45D12618A8B85A000418CE /* Bluetooth-Smart-scanner.png in Resources */ = {isa = PBXBuildFile; fileRef = FF45D12518A8B85A000418CE /* Bluetooth-Smart-scanner.png */; };
		FF45D12A18A8BCFE000418CE /* Natural-Paper-Background-Texture-HD.jpg in Resources */ = {isa = PBXBuildFile; fileRef = FF45D12918A8BCFE000418CE /* Natural-Paper-Background-Texture-HD.jpg */; };
		FF45D12C18A8BDA6000418CE /* PS LOGO.png in Resources */ = {isa = PBXBuildFile; fileRef = FF45D12B18A8BDA6000418CE /* PS LOGO.png */; };
		FF45D12E18A8BDFD000418CE /* Joystick Logo.png in Resources */ = {isa = PBXBuildFile; fileRef = FF45D12D18A8BDFD000418CE /* Joystick Logo.png */; };
		FF45D13018A8BEC4000418CE /* wheel.png in Resources */ = {isa = PBXBuildFile; fileRef = FF45D12F18A8BEC4000418CE /* wheel.png */; };
		FF45D13E18A8D528000418CE /* ps4-controller.png in Resources */ = {isa = PBXBuildFile; fileRef = FF45D13D18A8D528000418CE /* ps4-controller.png */; };
		FF45D14018A8D8D9000418CE /* original copy 4.png in Resources */ = {isa = PBXBuildFile; fileRef = FF45D13F18A8D8D9000418CE /* original copy 4.png */; };
		FF45D14818A8DB6F000418CE /* dPad.png in Resources */ = {isa = PBXBuildFile; fileRef = FF45D14118A8DB6F000418CE /* dPad.png */; };
		FF45D14918A8DB6F000418CE /* Left Joy.png in Resources */ = {isa = PBXBuildFile; fileRef = FF45D14218A8DB6F000418CE /* Left Joy.png */; };
		FF45D14C18A8DB6F000418CE /* Right Joy.png in Resources */ = {isa = PBXBuildFile; fileRef = FF45D14518A8DB6F000418CE /* Right Joy.png */; };
		FF45D15218A8DD10000418CE /* MessageUI.framework in Frameworks */ = {isa = PBXBuildFile; fileRef = FF45D15118A8DD10000418CE /* MessageUI.framework */; };
		FF45D15E18A8EE91000418CE /* Joy Back.png in Resources */ = {isa = PBXBuildFile; fileRef = FF45D15D18A8EE91000418CE /* Joy Back.png */; };
		FF45D16018A8EF20000418CE /* round.png in Resources */ = {isa = PBXBuildFile; fileRef = FF45D15F18A8EF20000418CE /* round.png */; };
		FF45D16218A8F0E3000418CE /* round right.png in Resources */ = {isa = PBXBuildFile; fileRef = FF45D16118A8F0E3000418CE /* round right.png */; };
		FF45D16E18A90805000418CE /* buttonpad.png in Resources */ = {isa = PBXBuildFile; fileRef = FF45D16D18A90805000418CE /* buttonpad.png */; };
		FF45D17018A909F6000418CE /* CoreBluetooth.framework in Frameworks */ = {isa = PBXBuildFile; fileRef = FF45D16F18A909F6000418CE /* CoreBluetooth.framework */; };
		FF4BD01A18DEF72D0098C2F4 /* finderlaunch960.png in Resources */ = {isa = PBXBuildFile; fileRef = FF4BD01718DEF72D0098C2F4 /* finderlaunch960.png */; };
		FF4BD01B18DEF72D0098C2F4 /* Default-568h@2x.png in Resources */ = {isa = PBXBuildFile; fileRef = FF4BD01818DEF72D0098C2F4 /* Default-568h@2x.png */; };
		FF4BD01C18DEF72D0098C2F4 /* finderlaunch1136.png in Resources */ = {isa = PBXBuildFile; fileRef = FF4BD01918DEF72D0098C2F4 /* finderlaunch1136.png */; };
		FF8BF6C218B61E60008D064E /* gbox29.png in Resources */ = {isa = PBXBuildFile; fileRef = FF8BF6BC18B61E60008D064E /* gbox29.png */; };
		FF8BF6C318B61E60008D064E /* gbox57.png in Resources */ = {isa = PBXBuildFile; fileRef = FF8BF6BD18B61E60008D064E /* gbox57.png */; };
		FF8BF6C418B61E60008D064E /* gbox58.png in Resources */ = {isa = PBXBuildFile; fileRef = FF8BF6BE18B61E60008D064E /* gbox58.png */; };
		FF8BF6C518B61E60008D064E /* gbox80.png in Resources */ = {isa = PBXBuildFile; fileRef = FF8BF6BF18B61E60008D064E /* gbox80.png */; };
		FF8BF6C618B61E60008D064E /* gbox114.png in Resources */ = {isa = PBXBuildFile; fileRef = FF8BF6C018B61E60008D064E /* gbox114.png */; };
		FF8BF6C718B61E60008D064E /* gbox120.png in Resources */ = {isa = PBXBuildFile; fileRef = FF8BF6C118B61E60008D064E /* gbox120.png */; };
		FF9D238C18BC9FE400252A70 /* cancle.png in Resources */ = {isa = PBXBuildFile; fileRef = FF9D238B18BC9FE400252A70 /* cancle.png */; };
		FFA4CB9C18AC75E70040EE9A /* Xselect.png in Resources */ = {isa = PBXBuildFile; fileRef = FFA4CB9A18AC75E70040EE9A /* Xselect.png */; };
		FFA4CB9D18AC75E70040EE9A /* Xstart.png in Resources */ = {isa = PBXBuildFile; fileRef = FFA4CB9B18AC75E70040EE9A /* Xstart.png */; };
		FFAD395B18ABCC0A00FF013F /* XDown.png in Resources */ = {isa = PBXBuildFile; fileRef = FFAD395A18ABCC0A00FF013F /* XDown.png */; };
		FFAD395D18ABD5A500FF013F /* XUp.png in Resources */ = {isa = PBXBuildFile; fileRef = FFAD395C18ABD5A500FF013F /* XUp.png */; };
		FFAD396018ABD8D800FF013F /* XLeft.png in Resources */ = {isa = PBXBuildFile; fileRef = FFAD395E18ABD8D800FF013F /* XLeft.png */; };
		FFAD396118ABD8D800FF013F /* XRight.png in Resources */ = {isa = PBXBuildFile; fileRef = FFAD395F18ABD8D800FF013F /* XRight.png */; };
		FFAD396418ABDAE400FF013F /* Xjoyback.png in Resources */ = {isa = PBXBuildFile; fileRef = FFAD396218ABDAE400FF013F /* Xjoyback.png */; };
		FFAD396518ABDAE400FF013F /* Xjoybut.png in Resources */ = {isa = PBXBuildFile; fileRef = FFAD396318ABDAE400FF013F /* Xjoybut.png */; };
		FFAEEEE018AB3BCE00BB1998 /* QuartzCore.framework in Frameworks */ = {isa = PBXBuildFile; fileRef = FFAEEEDF18AB3BCE00BB1998 /* QuartzCore.framework */; };
		FFAEEEE418AB5A1D00BB1998 /* back.png in Resources */ = {isa = PBXBuildFile; fileRef = FFAEEEE318AB5A1D00BB1998 /* back.png */; };
		FFB3FA4F18AF3BF00031A2C5 /* GBoxFinderViewController.m in Sources */ = {isa = PBXBuildFile; fileRef = FFB3FA4D18AF3BF00031A2C5 /* GBoxFinderViewController.m */; };
		FFB3FA5018AF3BF00031A2C5 /* GBoxFinderViewController.xib in Resources */ = {isa = PBXBuildFile; fileRef = FFB3FA4E18AF3BF00031A2C5 /* GBoxFinderViewController.xib */; };
		FFBC01A118B12B8500B4809D /* pcjoy logo.png in Resources */ = {isa = PBXBuildFile; fileRef = FFBC01A018B12B8500B4809D /* pcjoy logo.png */; };
		FFBC01A318B12D3B00B4809D /* gbsettings logo.png in Resources */ = {isa = PBXBuildFile; fileRef = FFBC01A218B12D3B00B4809D /* gbsettings logo.png */; };
		FFBC01A518B12DBC00B4809D /* gboxfinder logo.png in Resources */ = {isa = PBXBuildFile; fileRef = FFBC01A418B12DBC00B4809D /* gboxfinder logo.png */; };
		FFBC01A918B1316000B4809D /* Greenback.png in Resources */ = {isa = PBXBuildFile; fileRef = FFBC01A818B1316000B4809D /* Greenback.png */; };
		FFBC01AB18B1324B00B4809D /* Brownback.png in Resources */ = {isa = PBXBuildFile; fileRef = FFBC01AA18B1324B00B4809D /* Brownback.png */; };
		FFBDB2A818B1FAAF00FA6C72 /* MapKit.framework in Frameworks */ = {isa = PBXBuildFile; fileRef = FFBDB2A718B1FAAF00FA6C72 /* MapKit.framework */; };
		FFBDB2AB18B2030E00FA6C72 /* MapViewAnnotation.m in Sources */ = {isa = PBXBuildFile; fileRef = FFBDB2AA18B2030E00FA6C72 /* MapViewAnnotation.m */; };
		FFC0C96418AD077C00D194C3 /* Xglow.png in Resources */ = {isa = PBXBuildFile; fileRef = FFC0C96218AD077C00D194C3 /* Xglow.png */; };
		FFC0C96918AD0A6900D194C3 /* XGuide button.png in Resources */ = {isa = PBXBuildFile; fileRef = FFC0C96818AD0A6900D194C3 /* XGuide button.png */; };
		FFC0C97018AD133C00D194C3 /* PSblack.png in Resources */ = {isa = PBXBuildFile; fileRef = FFC0C96E18AD133C00D194C3 /* PSblack.png */; };
		FFC0C97118AD133C00D194C3 /* PSblue.png in Resources */ = {isa = PBXBuildFile; fileRef = FFC0C96F18AD133C00D194C3 /* PSblue.png */; };
		FFC1771218B0DD6A00AEC693 /* gboxnote.mp3 in Resources */ = {isa = PBXBuildFile; fileRef = FFC1771118B0DD6A00AEC693 /* gboxnote.mp3 */; };
		FFC5AB6618AD38680048892C /* finder.png in Resources */ = {isa = PBXBuildFile; fileRef = FFC5AB6518AD38680048892C /* finder.png */; };
		FFC5AB6A18AD3AC00048892C /* setting icon.png in Resources */ = {isa = PBXBuildFile; fileRef = FFC5AB6918AD3AC00048892C /* setting icon.png */; };
		FFCB056C18AB91F10025A4DF /* XA.png in Resources */ = {isa = PBXBuildFile; fileRef = FFCB056818AB91F10025A4DF /* XA.png */; };
		FFCB056D18AB91F10025A4DF /* XB.png in Resources */ = {isa = PBXBuildFile; fileRef = FFCB056918AB91F10025A4DF /* XB.png */; };
		FFCB056E18AB91F10025A4DF /* XX.png in Resources */ = {isa = PBXBuildFile; fileRef = FFCB056A18AB91F10025A4DF /* XX.png */; };
		FFCB056F18AB91F10025A4DF /* XY.png in Resources */ = {isa = PBXBuildFile; fileRef = FFCB056B18AB91F10025A4DF /* XY.png */; };
		FFCB057318AB92F20025A4DF /* XdPad.png in Resources */ = {isa = PBXBuildFile; fileRef = FFCB057018AB92F20025A4DF /* XdPad.png */; };
		FFCB057418AB92F20025A4DF /* XLeft Joy.png in Resources */ = {isa = PBXBuildFile; fileRef = FFCB057118AB92F20025A4DF /* XLeft Joy.png */; };
		FFCB057518AB92F20025A4DF /* XRight Joy.png in Resources */ = {isa = PBXBuildFile; fileRef = FFCB057218AB92F20025A4DF /* XRight Joy.png */; };
		FFD936A018A799BB00B8F558 /* Foundation.framework in Frameworks */ = {isa = PBXBuildFile; fileRef = FFD9369F18A799BB00B8F558 /* Foundation.framework */; };
		FFD936A218A799BB00B8F558 /* CoreGraphics.framework in Frameworks */ = {isa = PBXBuildFile; fileRef = FFD936A118A799BB00B8F558 /* CoreGraphics.framework */; };
		FFD936A418A799BB00B8F558 /* UIKit.framework in Frameworks */ = {isa = PBXBuildFile; fileRef = FFD936A318A799BB00B8F558 /* UIKit.framework */; };
		FFD936AA18A799BB00B8F558 /* InfoPlist.strings in Resources */ = {isa = PBXBuildFile; fileRef = FFD936A818A799BB00B8F558 /* InfoPlist.strings */; };
		FFD936AC18A799BB00B8F558 /* main.m in Sources */ = {isa = PBXBuildFile; fileRef = FFD936AB18A799BB00B8F558 /* main.m */; };
		FFD936B018A799BB00B8F558 /* AppDelegate.m in Sources */ = {isa = PBXBuildFile; fileRef = FFD936AF18A799BB00B8F558 /* AppDelegate.m */; };
		FFD936B218A799BB00B8F558 /* Images.xcassets in Resources */ = {isa = PBXBuildFile; fileRef = FFD936B118A799BB00B8F558 /* Images.xcassets */; };
		FFD936B918A799BB00B8F558 /* XCTest.framework in Frameworks */ = {isa = PBXBuildFile; fileRef = FFD936B818A799BB00B8F558 /* XCTest.framework */; };
		FFD936BA18A799BB00B8F558 /* Foundation.framework in Frameworks */ = {isa = PBXBuildFile; fileRef = FFD9369F18A799BB00B8F558 /* Foundation.framework */; };
		FFD936BB18A799BB00B8F558 /* UIKit.framework in Frameworks */ = {isa = PBXBuildFile; fileRef = FFD936A318A799BB00B8F558 /* UIKit.framework */; };
		FFD936C318A799BB00B8F558 /* InfoPlist.strings in Resources */ = {isa = PBXBuildFile; fileRef = FFD936C118A799BB00B8F558 /* InfoPlist.strings */; };
		FFD936C518A799BB00B8F558 /* GBoxTests.m in Sources */ = {isa = PBXBuildFile; fileRef = FFD936C418A799BB00B8F558 /* GBoxTests.m */; };
		FFD936D418A79A3B00B8F558 /* HomeViewController.m in Sources */ = {isa = PBXBuildFile; fileRef = FFD936D218A79A3B00B8F558 /* HomeViewController.m */; };
		FFD936D518A79A3B00B8F558 /* HomeViewController.xib in Resources */ = {isa = PBXBuildFile; fileRef = FFD936D318A79A3B00B8F558 /* HomeViewController.xib */; };
		FFD936D918A79E6200B8F558 /* white back.jpeg in Resources */ = {isa = PBXBuildFile; fileRef = FFD936D818A79E6200B8F558 /* white back.jpeg */; };
		FFD936E218A7A79200B8F558 /* SettingsViewController.m in Sources */ = {isa = PBXBuildFile; fileRef = FFD936E018A7A79200B8F558 /* SettingsViewController.m */; };
		FFD936E318A7A79200B8F558 /* SettingsViewController.xib in Resources */ = {isa = PBXBuildFile; fileRef = FFD936E118A7A79200B8F558 /* SettingsViewController.xib */; };
		FFD936E718A7A9E400B8F558 /* SerialGATT.m in Sources */ = {isa = PBXBuildFile; fileRef = FFD936E618A7A9E400B8F558 /* SerialGATT.m */; };
		FFE051B618AA076F004539B6 /* PS Home Pressed.png in Resources */ = {isa = PBXBuildFile; fileRef = FFE051AE18AA076F004539B6 /* PS Home Pressed.png */; };
		FFE051B818AA076F004539B6 /* PS Home.png in Resources */ = {isa = PBXBuildFile; fileRef = FFE051B018AA076F004539B6 /* PS Home.png */; };
		FFE051B918AA076F004539B6 /* Square Pressed.png in Resources */ = {isa = PBXBuildFile; fileRef = FFE051B118AA076F004539B6 /* Square Pressed.png */; };
		FFE051BA18AA076F004539B6 /* X Pressed.png in Resources */ = {isa = PBXBuildFile; fileRef = FFE051B218AA076F004539B6 /* X Pressed.png */; };
		FFE051BD18AA076F004539B6 /* O Pressed.png in Resources */ = {isa = PBXBuildFile; fileRef = FFE051B518AA076F004539B6 /* O Pressed.png */; };
		FFE051C018AA07B2004539B6 /* Triangle.png in Resources */ = {isa = PBXBuildFile; fileRef = FFE051BE18AA07B2004539B6 /* Triangle.png */; };
		FFE051C518AA0C0D004539B6 /* Square.png in Resources */ = {isa = PBXBuildFile; fileRef = FFE051C218AA0C0D004539B6 /* Square.png */; };
		FFE051C618AA0C0D004539B6 /* O.png in Resources */ = {isa = PBXBuildFile; fileRef = FFE051C318AA0C0D004539B6 /* O.png */; };
		FFE051C718AA0C0D004539B6 /* X.png in Resources */ = {isa = PBXBuildFile; fileRef = FFE051C418AA0C0D004539B6 /* X.png */; };
		FFE051C918AA0D7E004539B6 /* Triangle Pressed.png in Resources */ = {isa = PBXBuildFile; fileRef = FFE051C818AA0D7E004539B6 /* Triangle Pressed.png */; };
		FFE051D718AA164C004539B6 /* L1.png in Resources */ = {isa = PBXBuildFile; fileRef = FFE051D618AA164C004539B6 /* L1.png */; };
		FFE051DB18AA1B26004539B6 /* R2.png in Resources */ = {isa = PBXBuildFile; fileRef = FFE051D818AA1B26004539B6 /* R2.png */; };
		FFE051DC18AA1B26004539B6 /* L2.png in Resources */ = {isa = PBXBuildFile; fileRef = FFE051D918AA1B26004539B6 /* L2.png */; };
		FFE051DD18AA1B26004539B6 /* R1.png in Resources */ = {isa = PBXBuildFile; fileRef = FFE051DA18AA1B26004539B6 /* R1.png */; };
		FFE051EA18AA1EF7004539B6 /* L2 Pressed.png in Resources */ = {isa = PBXBuildFile; fileRef = FFE051E618AA1EF7004539B6 /* L2 Pressed.png */; };
		FFE051EB18AA1EF7004539B6 /* R2 Pressed.png in Resources */ = {isa = PBXBuildFile; fileRef = FFE051E718AA1EF7004539B6 /* R2 Pressed.png */; };
		FFE051EC18AA1EF7004539B6 /* L1 Pressed.png in Resources */ = {isa = PBXBuildFile; fileRef = FFE051E818AA1EF7004539B6 /* L1 Pressed.png */; };
		FFE051ED18AA1EF7004539B6 /* R1 Pressed.png in Resources */ = {isa = PBXBuildFile; fileRef = FFE051E918AA1EF7004539B6 /* R1 Pressed.png */; };
		FFE051F018AA2170004539B6 /* Start.png in Resources */ = {isa = PBXBuildFile; fileRef = FFE051EE18AA2170004539B6 /* Start.png */; };
		FFE051F118AA2170004539B6 /* Select.png in Resources */ = {isa = PBXBuildFile; fileRef = FFE051EF18AA2170004539B6 /* Select.png */; };
		FFE051F418AA2419004539B6 /* Select Pressed.png in Resources */ = {isa = PBXBuildFile; fileRef = FFE051F218AA2419004539B6 /* Select Pressed.png */; };
		FFE051F518AA2419004539B6 /* Start Pressed.png in Resources */ = {isa = PBXBuildFile; fileRef = FFE051F318AA2419004539B6 /* Start Pressed.png */; };
		FFE99C4018AF9F4B0024002D /* refresh.png in Resources */ = {isa = PBXBuildFile; fileRef = FFE99C3F18AF9F4B0024002D /* refresh.png */; };
		FFE99C4218AFC9FD0024002D /* CoreLocation.framework in Frameworks */ = {isa = PBXBuildFile; fileRef = FFE99C4118AFC9FD0024002D /* CoreLocation.framework */; };
		FFEAF62E18AA45F1006698EA /* pad.png in Resources */ = {isa = PBXBuildFile; fileRef = FFEAF62D18AA45F1006698EA /* pad.png */; };
		FFEAF63F18AA4D83006698EA /* Up.png in Resources */ = {isa = PBXBuildFile; fileRef = FFEAF63B18AA4D83006698EA /* Up.png */; };
		FFEAF64018AA4D83006698EA /* Left.png in Resources */ = {isa = PBXBuildFile; fileRef = FFEAF63C18AA4D83006698EA /* Left.png */; };
		FFEAF64118AA4D83006698EA /* Right.png in Resources */ = {isa = PBXBuildFile; fileRef = FFEAF63D18AA4D83006698EA /* Right.png */; };
		FFEAF64218AA4D83006698EA /* Down.png in Resources */ = {isa = PBXBuildFile; fileRef = FFEAF63E18AA4D83006698EA /* Down.png */; };
		FFFE118C18E32A3A0091A9F0 /* pin.png in Resources */ = {isa = PBXBuildFile; fileRef = FFFE118B18E32A3A0091A9F0 /* pin.png */; };
/* End PBXBuildFile section */

/* Begin PBXContainerItemProxy section */
		FFD936BC18A799BB00B8F558 /* PBXContainerItemProxy */ = {
			isa = PBXContainerItemProxy;
			containerPortal = FFD9369418A799BB00B8F558 /* Project object */;
			proxyType = 1;
			remoteGlobalIDString = FFD9369B18A799BB00B8F558;
			remoteInfo = GBox;
		};
/* End PBXContainerItemProxy section */

/* Begin PBXFileReference section */
		FF010EB118DD845200065D61 /* neverlooselogo.png */ = {isa = PBXFileReference; lastKnownFileType = image.png; path = neverlooselogo.png; sourceTree = "<group>"; };
		FF0164F818DC3D8200F38467 /* iconStatusAdvertising.png */ = {isa = PBXFileReference; lastKnownFileType = image.png; path = iconStatusAdvertising.png; sourceTree = "<group>"; };
		FF0164FA18DC3D9E00F38467 /* iconBeepOff.png */ = {isa = PBXFileReference; lastKnownFileType = image.png; path = iconBeepOff.png; sourceTree = "<group>"; };
		FF0164FC18DC3DA500F38467 /* iconBeepOn.png */ = {isa = PBXFileReference; lastKnownFileType = image.png; path = iconBeepOn.png; sourceTree = "<group>"; };
		FF0164FE18DC43B200F38467 /* GBox Finder Logo.png */ = {isa = PBXFileReference; lastKnownFileType = image.png; path = "GBox Finder Logo.png"; sourceTree = "<group>"; };
		FF01650018DC492100F38467 /* AVFoundation.framework */ = {isa = PBXFileReference; lastKnownFileType = wrapper.framework; name = AVFoundation.framework; path = System/Library/Frameworks/AVFoundation.framework; sourceTree = SDKROOT; };
		FF248C2A18B74D8D00729E19 /* AudioToolbox.framework */ = {isa = PBXFileReference; lastKnownFileType = wrapper.framework; name = AudioToolbox.framework; path = System/Library/Frameworks/AudioToolbox.framework; sourceTree = SDKROOT; };
		FF3D0DC218D9A6E5002ECAE3 /* DEAStyleSheet.h */ = {isa = PBXFileReference; lastKnownFileType = sourcecode.c.h; path = DEAStyleSheet.h; sourceTree = "<group>"; };
		FF3D0DC318D9A706002ECAE3 /* DEATheme.h */ = {isa = PBXFileReference; fileEncoding = 4; lastKnownFileType = sourcecode.c.h; path = DEATheme.h; sourceTree = "<group>"; };
		FF3D0DC418D9A706002ECAE3 /* DEATheme.m */ = {isa = PBXFileReference; fileEncoding = 4; lastKnownFileType = sourcecode.c.objc; path = DEATheme.m; sourceTree = "<group>"; };
		FF3D0DC518D9A706002ECAE3 /* DEADefaultTheme.h */ = {isa = PBXFileReference; fileEncoding = 4; lastKnownFileType = sourcecode.c.h; path = DEADefaultTheme.h; sourceTree = "<group>"; };
		FF3D0DC618D9A706002ECAE3 /* DEADefaultTheme.m */ = {isa = PBXFileReference; fileEncoding = 4; lastKnownFileType = sourcecode.c.objc; path = DEADefaultTheme.m; sourceTree = "<group>"; };
		FF3D0DC918D9A70E002ECAE3 /* DEABaseViewController.h */ = {isa = PBXFileReference; fileEncoding = 4; lastKnownFileType = sourcecode.c.h; path = DEABaseViewController.h; sourceTree = "<group>"; };
		FF3D0DCA18D9A70E002ECAE3 /* DEABaseViewController.m */ = {isa = PBXFileReference; fileEncoding = 4; lastKnownFileType = sourcecode.c.objc; path = DEABaseViewController.m; sourceTree = "<group>"; };
		FF3D0DCC18D9A717002ECAE3 /* DEACentralManager.h */ = {isa = PBXFileReference; fileEncoding = 4; lastKnownFileType = sourcecode.c.h; path = DEACentralManager.h; sourceTree = "<group>"; };
		FF3D0DCD18D9A717002ECAE3 /* DEACentralManager.m */ = {isa = PBXFileReference; fileEncoding = 4; lastKnownFileType = sourcecode.c.objc; path = DEACentralManager.m; sourceTree = "<group>"; };
		FF3D0DCF18D9A72B002ECAE3 /* TISensorTag.h */ = {isa = PBXFileReference; fileEncoding = 4; lastKnownFileType = sourcecode.c.h; path = TISensorTag.h; sourceTree = "<group>"; };
		FF3D0DD018D9A72B002ECAE3 /* DEASensorTag.h */ = {isa = PBXFileReference; fileEncoding = 4; lastKnownFileType = sourcecode.c.h; path = DEASensorTag.h; sourceTree = "<group>"; };
		FF3D0DD118D9A72B002ECAE3 /* DEASensorTag.m */ = {isa = PBXFileReference; fileEncoding = 4; lastKnownFileType = sourcecode.c.objc; path = DEASensorTag.m; sourceTree = "<group>"; };
		FF3D0DD218D9A72B002ECAE3 /* DEABaseService.h */ = {isa = PBXFileReference; fileEncoding = 4; lastKnownFileType = sourcecode.c.h; path = DEABaseService.h; sourceTree = "<group>"; };
		FF3D0DD318D9A72B002ECAE3 /* DEABaseService.m */ = {isa = PBXFileReference; fileEncoding = 4; lastKnownFileType = sourcecode.c.objc; path = DEABaseService.m; sourceTree = "<group>"; };
		FF3D0DD418D9A72B002ECAE3 /* DEAAccelerometerService.h */ = {isa = PBXFileReference; fileEncoding = 4; lastKnownFileType = sourcecode.c.h; path = DEAAccelerometerService.h; sourceTree = "<group>"; };
		FF3D0DD518D9A72B002ECAE3 /* DEAAccelerometerService.m */ = {isa = PBXFileReference; fileEncoding = 4; lastKnownFileType = sourcecode.c.objc; path = DEAAccelerometerService.m; sourceTree = "<group>"; };
		FF3D0DD618D9A72B002ECAE3 /* DEABarometerService.h */ = {isa = PBXFileReference; fileEncoding = 4; lastKnownFileType = sourcecode.c.h; path = DEABarometerService.h; sourceTree = "<group>"; };
		FF3D0DD718D9A72B002ECAE3 /* DEABarometerService.m */ = {isa = PBXFileReference; fileEncoding = 4; lastKnownFileType = sourcecode.c.objc; path = DEABarometerService.m; sourceTree = "<group>"; };
		FF3D0DD818D9A72B002ECAE3 /* DEADeviceInfoService.h */ = {isa = PBXFileReference; fileEncoding = 4; lastKnownFileType = sourcecode.c.h; path = DEADeviceInfoService.h; sourceTree = "<group>"; };
		FF3D0DD918D9A72B002ECAE3 /* DEADeviceInfoService.m */ = {isa = PBXFileReference; fileEncoding = 4; lastKnownFileType = sourcecode.c.objc; path = DEADeviceInfoService.m; sourceTree = "<group>"; };
		FF3D0DDA18D9A72B002ECAE3 /* DEAGyroscopeService.h */ = {isa = PBXFileReference; fileEncoding = 4; lastKnownFileType = sourcecode.c.h; path = DEAGyroscopeService.h; sourceTree = "<group>"; };
		FF3D0DDB18D9A72B002ECAE3 /* DEAGyroscopeService.m */ = {isa = PBXFileReference; fileEncoding = 4; lastKnownFileType = sourcecode.c.objc; path = DEAGyroscopeService.m; sourceTree = "<group>"; };
		FF3D0DDC18D9A72B002ECAE3 /* DEAHumidityService.h */ = {isa = PBXFileReference; fileEncoding = 4; lastKnownFileType = sourcecode.c.h; path = DEAHumidityService.h; sourceTree = "<group>"; };
		FF3D0DDD18D9A72B002ECAE3 /* DEAHumidityService.m */ = {isa = PBXFileReference; fileEncoding = 4; lastKnownFileType = sourcecode.c.objc; path = DEAHumidityService.m; sourceTree = "<group>"; };
		FF3D0DDE18D9A72B002ECAE3 /* DEAMagnetometerService.h */ = {isa = PBXFileReference; fileEncoding = 4; lastKnownFileType = sourcecode.c.h; path = DEAMagnetometerService.h; sourceTree = "<group>"; };
		FF3D0DDF18D9A72B002ECAE3 /* DEAMagnetometerService.m */ = {isa = PBXFileReference; fileEncoding = 4; lastKnownFileType = sourcecode.c.objc; path = DEAMagnetometerService.m; sourceTree = "<group>"; };
		FF3D0DE018D9A72B002ECAE3 /* DEASimpleKeysService.h */ = {isa = PBXFileReference; fileEncoding = 4; lastKnownFileType = sourcecode.c.h; path = DEASimpleKeysService.h; sourceTree = "<group>"; };
		FF3D0DE118D9A72B002ECAE3 /* DEASimpleKeysService.m */ = {isa = PBXFileReference; fileEncoding = 4; lastKnownFileType = sourcecode.c.objc; path = DEASimpleKeysService.m; sourceTree = "<group>"; };
		FF3D0DE218D9A72B002ECAE3 /* DEATemperatureService.h */ = {isa = PBXFileReference; fileEncoding = 4; lastKnownFileType = sourcecode.c.h; path = DEATemperatureService.h; sourceTree = "<group>"; };
		FF3D0DE318D9A72B002ECAE3 /* DEATemperatureService.m */ = {isa = PBXFileReference; fileEncoding = 4; lastKnownFileType = sourcecode.c.objc; path = DEATemperatureService.m; sourceTree = "<group>"; };
		FF3D0DEE18D9A740002ECAE3 /* YMS128.h */ = {isa = PBXFileReference; fileEncoding = 4; lastKnownFileType = sourcecode.c.h; path = YMS128.h; sourceTree = "<group>"; };
		FF3D0DEF18D9A740002ECAE3 /* YMS128.c */ = {isa = PBXFileReference; fileEncoding = 4; lastKnownFileType = sourcecode.c.c; path = YMS128.c; sourceTree = "<group>"; };
		FF3D0DF018D9A740002ECAE3 /* YMSCBCentralManager.h */ = {isa = PBXFileReference; fileEncoding = 4; lastKnownFileType = sourcecode.c.h; path = YMSCBCentralManager.h; sourceTree = "<group>"; };
		FF3D0DF118D9A740002ECAE3 /* YMSCBCentralManager.m */ = {isa = PBXFileReference; fileEncoding = 4; lastKnownFileType = sourcecode.c.objc; path = YMSCBCentralManager.m; sourceTree = "<group>"; };
		FF3D0DF218D9A740002ECAE3 /* YMSCBPeripheral.h */ = {isa = PBXFileReference; fileEncoding = 4; lastKnownFileType = sourcecode.c.h; path = YMSCBPeripheral.h; sourceTree = "<group>"; };
		FF3D0DF318D9A740002ECAE3 /* YMSCBPeripheral.m */ = {isa = PBXFileReference; fileEncoding = 4; lastKnownFileType = sourcecode.c.objc; path = YMSCBPeripheral.m; sourceTree = "<group>"; };
		FF3D0DF418D9A740002ECAE3 /* YMSCBService.h */ = {isa = PBXFileReference; fileEncoding = 4; lastKnownFileType = sourcecode.c.h; path = YMSCBService.h; sourceTree = "<group>"; };
		FF3D0DF518D9A740002ECAE3 /* YMSCBService.m */ = {isa = PBXFileReference; fileEncoding = 4; lastKnownFileType = sourcecode.c.objc; path = YMSCBService.m; sourceTree = "<group>"; };
		FF3D0DF618D9A740002ECAE3 /* YMSCBCharacteristic.h */ = {isa = PBXFileReference; fileEncoding = 4; lastKnownFileType = sourcecode.c.h; path = YMSCBCharacteristic.h; sourceTree = "<group>"; };
		FF3D0DF718D9A740002ECAE3 /* YMSCBCharacteristic.m */ = {isa = PBXFileReference; fileEncoding = 4; lastKnownFileType = sourcecode.c.objc; path = YMSCBCharacteristic.m; sourceTree = "<group>"; };
		FF3D0DF818D9A740002ECAE3 /* YMSCBDescriptor.h */ = {isa = PBXFileReference; fileEncoding = 4; lastKnownFileType = sourcecode.c.h; path = YMSCBDescriptor.h; sourceTree = "<group>"; };
		FF3D0DF918D9A740002ECAE3 /* YMSCBDescriptor.m */ = {isa = PBXFileReference; fileEncoding = 4; lastKnownFileType = sourcecode.c.objc; path = YMSCBDescriptor.m; sourceTree = "<group>"; };
		FF3D0DFA18D9A740002ECAE3 /* YMSCBUtils.h */ = {isa = PBXFileReference; fileEncoding = 4; lastKnownFileType = sourcecode.c.h; path = YMSCBUtils.h; sourceTree = "<group>"; };
		FF3D0DFB18D9A740002ECAE3 /* YMSCBUtils.m */ = {isa = PBXFileReference; fileEncoding = 4; lastKnownFileType = sourcecode.c.objc; path = YMSCBUtils.m; sourceTree = "<group>"; };
		FF3D0DFC18D9A740002ECAE3 /* YMSCBStoredPeripherals.h */ = {isa = PBXFileReference; fileEncoding = 4; lastKnownFileType = sourcecode.c.h; path = YMSCBStoredPeripherals.h; sourceTree = "<group>"; };
		FF3D0DFD18D9A740002ECAE3 /* YMSCBStoredPeripherals.m */ = {isa = PBXFileReference; fileEncoding = 4; lastKnownFileType = sourcecode.c.objc; path = YMSCBStoredPeripherals.m; sourceTree = "<group>"; };
		FF3D0DFE18D9A740002ECAE3 /* NSMutableArray+fifoQueue.h */ = {isa = PBXFileReference; fileEncoding = 4; lastKnownFileType = sourcecode.c.h; path = "NSMutableArray+fifoQueue.h"; sourceTree = "<group>"; };
		FF3D0DFF18D9A740002ECAE3 /* NSMutableArray+fifoQueue.m */ = {isa = PBXFileReference; fileEncoding = 4; lastKnownFileType = sourcecode.c.objc; path = "NSMutableArray+fifoQueue.m"; sourceTree = "<group>"; };
		FF3D0E0918D9A759002ECAE3 /* DEASensorTagViewController.h */ = {isa = PBXFileReference; fileEncoding = 4; lastKnownFileType = sourcecode.c.h; path = DEASensorTagViewController.h; sourceTree = "<group>"; };
		FF3D0E0A18D9A759002ECAE3 /* DEASensorTagViewController.m */ = {isa = PBXFileReference; fileEncoding = 4; lastKnownFileType = sourcecode.c.objc; path = DEASensorTagViewController.m; sourceTree = "<group>"; };
		FF3D0E0B18D9A759002ECAE3 /* DEASensorTagViewController.xib */ = {isa = PBXFileReference; fileEncoding = 4; lastKnownFileType = file.xib; path = DEASensorTagViewController.xib; sourceTree = "<group>"; };
		FF3D0E0E18D9A763002ECAE3 /* DEAPeripheralTableViewCell.h */ = {isa = PBXFileReference; fileEncoding = 4; lastKnownFileType = sourcecode.c.h; path = DEAPeripheralTableViewCell.h; sourceTree = "<group>"; };
		FF3D0E0F18D9A763002ECAE3 /* DEAPeripheralTableViewCell.m */ = {isa = PBXFileReference; fileEncoding = 4; lastKnownFileType = sourcecode.c.objc; path = DEAPeripheralTableViewCell.m; sourceTree = "<group>"; };
		FF3D0E1018D9A763002ECAE3 /* DEAPeripheralTableViewCell.xib */ = {isa = PBXFileReference; fileEncoding = 4; lastKnownFileType = file.xib; path = DEAPeripheralTableViewCell.xib; sourceTree = "<group>"; };
		FF3D0E1318D9A76F002ECAE3 /* DEAPeripheralsViewController.h */ = {isa = PBXFileReference; fileEncoding = 4; lastKnownFileType = sourcecode.c.h; path = DEAPeripheralsViewController.h; sourceTree = "<group>"; };
		FF3D0E1418D9A76F002ECAE3 /* DEAPeripheralsViewController.m */ = {isa = PBXFileReference; fileEncoding = 4; lastKnownFileType = sourcecode.c.objc; path = DEAPeripheralsViewController.m; sourceTree = "<group>"; };
		FF3D0E1518D9A76F002ECAE3 /* DEAPeripheralsViewController.xib */ = {isa = PBXFileReference; fileEncoding = 4; lastKnownFileType = file.xib; path = DEAPeripheralsViewController.xib; sourceTree = "<group>"; };
		FF3D0E1818D9A7BE002ECAE3 /* iconStatusSignal.png */ = {isa = PBXFileReference; lastKnownFileType = image.png; path = iconStatusSignal.png; sourceTree = "<group>"; };
		FF3D0E1918D9A7BE002ECAE3 /* iconStatusSignal@2x.png */ = {isa = PBXFileReference; lastKnownFileType = image.png; path = "iconStatusSignal@2x.png"; sourceTree = "<group>"; };
		FF3D0E1D18D9B81B002ECAE3 /* DEAAccelerometerViewCell.h */ = {isa = PBXFileReference; fileEncoding = 4; lastKnownFileType = sourcecode.c.h; path = DEAAccelerometerViewCell.h; sourceTree = "<group>"; };
		FF3D0E1E18D9B81B002ECAE3 /* DEAAccelerometerViewCell.m */ = {isa = PBXFileReference; fileEncoding = 4; lastKnownFileType = sourcecode.c.objc; path = DEAAccelerometerViewCell.m; sourceTree = "<group>"; };
		FF3D0E1F18D9B81B002ECAE3 /* DEABarometerViewCell.h */ = {isa = PBXFileReference; fileEncoding = 4; lastKnownFileType = sourcecode.c.h; path = DEABarometerViewCell.h; sourceTree = "<group>"; };
		FF3D0E2018D9B81B002ECAE3 /* DEABarometerViewCell.m */ = {isa = PBXFileReference; fileEncoding = 4; lastKnownFileType = sourcecode.c.objc; path = DEABarometerViewCell.m; sourceTree = "<group>"; };
		FF3D0E2118D9B81B002ECAE3 /* DEADeviceInfoViewCell.h */ = {isa = PBXFileReference; fileEncoding = 4; lastKnownFileType = sourcecode.c.h; path = DEADeviceInfoViewCell.h; sourceTree = "<group>"; };
		FF3D0E2218D9B81B002ECAE3 /* DEADeviceInfoViewCell.m */ = {isa = PBXFileReference; fileEncoding = 4; lastKnownFileType = sourcecode.c.objc; path = DEADeviceInfoViewCell.m; sourceTree = "<group>"; };
		FF3D0E2318D9B81B002ECAE3 /* DEAGyroscopeViewCell.h */ = {isa = PBXFileReference; fileEncoding = 4; lastKnownFileType = sourcecode.c.h; path = DEAGyroscopeViewCell.h; sourceTree = "<group>"; };
		FF3D0E2418D9B81B002ECAE3 /* DEAGyroscopeViewCell.m */ = {isa = PBXFileReference; fileEncoding = 4; lastKnownFileType = sourcecode.c.objc; path = DEAGyroscopeViewCell.m; sourceTree = "<group>"; };
		FF3D0E2518D9B81B002ECAE3 /* DEAHumidityViewCell.h */ = {isa = PBXFileReference; fileEncoding = 4; lastKnownFileType = sourcecode.c.h; path = DEAHumidityViewCell.h; sourceTree = "<group>"; };
		FF3D0E2618D9B81B002ECAE3 /* DEAHumidityViewCell.m */ = {isa = PBXFileReference; fileEncoding = 4; lastKnownFileType = sourcecode.c.objc; path = DEAHumidityViewCell.m; sourceTree = "<group>"; };
		FF3D0E2718D9B81B002ECAE3 /* DEAMagnetometerViewCell.h */ = {isa = PBXFileReference; fileEncoding = 4; lastKnownFileType = sourcecode.c.h; path = DEAMagnetometerViewCell.h; sourceTree = "<group>"; };
		FF3D0E2818D9B81B002ECAE3 /* DEAMagnetometerViewCell.m */ = {isa = PBXFileReference; fileEncoding = 4; lastKnownFileType = sourcecode.c.objc; path = DEAMagnetometerViewCell.m; sourceTree = "<group>"; };
		FF3D0E2918D9B81B002ECAE3 /* DEASimpleKeysViewCell.h */ = {isa = PBXFileReference; fileEncoding = 4; lastKnownFileType = sourcecode.c.h; path = DEASimpleKeysViewCell.h; sourceTree = "<group>"; };
		FF3D0E2A18D9B81B002ECAE3 /* DEASimpleKeysViewCell.m */ = {isa = PBXFileReference; fileEncoding = 4; lastKnownFileType = sourcecode.c.objc; path = DEASimpleKeysViewCell.m; sourceTree = "<group>"; };
		FF3D0E2B18D9B81B002ECAE3 /* DEATemperatureViewCell.h */ = {isa = PBXFileReference; fileEncoding = 4; lastKnownFileType = sourcecode.c.h; path = DEATemperatureViewCell.h; sourceTree = "<group>"; };
		FF3D0E2C18D9B81B002ECAE3 /* DEATemperatureViewCell.m */ = {isa = PBXFileReference; fileEncoding = 4; lastKnownFileType = sourcecode.c.objc; path = DEATemperatureViewCell.m; sourceTree = "<group>"; };
		FF3D7D1C18D2C8C30079E212 /* Blackback.png */ = {isa = PBXFileReference; lastKnownFileType = image.png; path = Blackback.png; sourceTree = "<group>"; };
		FF45D11D18A8AEE7000418CE /* GBox Logo.png */ = {isa = PBXFileReference; lastKnownFileType = image.png; path = "GBox Logo.png"; sourceTree = "<group>"; };
		FF45D11F18A8B1C0000418CE /* XboxLogo.png */ = {isa = PBXFileReference; lastKnownFileType = image.png; path = XboxLogo.png; sourceTree = "<group>"; };
		FF45D12118A8B2DE000418CE /* PlayStation-Logo.png */ = {isa = PBXFileReference; lastKnownFileType = image.png; path = "PlayStation-Logo.png"; sourceTree = "<group>"; };
		FF45D12318A8B75B000418CE /* finder logo.png */ = {isa = PBXFileReference; lastKnownFileType = image.png; path = "finder logo.png"; sourceTree = "<group>"; };
		FF45D12518A8B85A000418CE /* Bluetooth-Smart-scanner.png */ = {isa = PBXFileReference; lastKnownFileType = image.png; path = "Bluetooth-Smart-scanner.png"; sourceTree = "<group>"; };
		FF45D12918A8BCFE000418CE /* Natural-Paper-Background-Texture-HD.jpg */ = {isa = PBXFileReference; lastKnownFileType = image.jpeg; path = "Natural-Paper-Background-Texture-HD.jpg"; sourceTree = "<group>"; };
		FF45D12B18A8BDA6000418CE /* PS LOGO.png */ = {isa = PBXFileReference; lastKnownFileType = image.png; path = "PS LOGO.png"; sourceTree = "<group>"; };
		FF45D12D18A8BDFD000418CE /* Joystick Logo.png */ = {isa = PBXFileReference; lastKnownFileType = image.png; path = "Joystick Logo.png"; sourceTree = "<group>"; };
		FF45D12F18A8BEC4000418CE /* wheel.png */ = {isa = PBXFileReference; lastKnownFileType = image.png; path = wheel.png; sourceTree = "<group>"; };
		FF45D13D18A8D528000418CE /* ps4-controller.png */ = {isa = PBXFileReference; lastKnownFileType = image.png; path = "ps4-controller.png"; sourceTree = "<group>"; };
		FF45D13F18A8D8D9000418CE /* original copy 4.png */ = {isa = PBXFileReference; lastKnownFileType = image.png; path = "original copy 4.png"; sourceTree = "<group>"; };
		FF45D14118A8DB6F000418CE /* dPad.png */ = {isa = PBXFileReference; lastKnownFileType = image.png; path = dPad.png; sourceTree = "<group>"; };
		FF45D14218A8DB6F000418CE /* Left Joy.png */ = {isa = PBXFileReference; lastKnownFileType = image.png; path = "Left Joy.png"; sourceTree = "<group>"; };
		FF45D14518A8DB6F000418CE /* Right Joy.png */ = {isa = PBXFileReference; lastKnownFileType = image.png; path = "Right Joy.png"; sourceTree = "<group>"; };
		FF45D15118A8DD10000418CE /* MessageUI.framework */ = {isa = PBXFileReference; lastKnownFileType = wrapper.framework; name = MessageUI.framework; path = System/Library/Frameworks/MessageUI.framework; sourceTree = SDKROOT; };
		FF45D15D18A8EE91000418CE /* Joy Back.png */ = {isa = PBXFileReference; lastKnownFileType = image.png; path = "Joy Back.png"; sourceTree = "<group>"; };
		FF45D15F18A8EF20000418CE /* round.png */ = {isa = PBXFileReference; lastKnownFileType = image.png; path = round.png; sourceTree = "<group>"; };
		FF45D16118A8F0E3000418CE /* round right.png */ = {isa = PBXFileReference; lastKnownFileType = image.png; path = "round right.png"; sourceTree = "<group>"; };
		FF45D16D18A90805000418CE /* buttonpad.png */ = {isa = PBXFileReference; lastKnownFileType = image.png; path = buttonpad.png; sourceTree = "<group>"; };
		FF45D16F18A909F6000418CE /* CoreBluetooth.framework */ = {isa = PBXFileReference; lastKnownFileType = wrapper.framework; name = CoreBluetooth.framework; path = System/Library/Frameworks/CoreBluetooth.framework; sourceTree = SDKROOT; };
		FF4BD01718DEF72D0098C2F4 /* finderlaunch960.png */ = {isa = PBXFileReference; lastKnownFileType = image.png; path = finderlaunch960.png; sourceTree = "<group>"; };
		FF4BD01818DEF72D0098C2F4 /* Default-568h@2x.png */ = {isa = PBXFileReference; lastKnownFileType = image.png; path = "Default-568h@2x.png"; sourceTree = "<group>"; };
		FF4BD01918DEF72D0098C2F4 /* finderlaunch1136.png */ = {isa = PBXFileReference; lastKnownFileType = image.png; path = finderlaunch1136.png; sourceTree = "<group>"; };
		FF8BF6BC18B61E60008D064E /* gbox29.png */ = {isa = PBXFileReference; lastKnownFileType = image.png; path = gbox29.png; sourceTree = "<group>"; };
		FF8BF6BD18B61E60008D064E /* gbox57.png */ = {isa = PBXFileReference; lastKnownFileType = image.png; path = gbox57.png; sourceTree = "<group>"; };
		FF8BF6BE18B61E60008D064E /* gbox58.png */ = {isa = PBXFileReference; lastKnownFileType = image.png; path = gbox58.png; sourceTree = "<group>"; };
		FF8BF6BF18B61E60008D064E /* gbox80.png */ = {isa = PBXFileReference; lastKnownFileType = image.png; path = gbox80.png; sourceTree = "<group>"; };
		FF8BF6C018B61E60008D064E /* gbox114.png */ = {isa = PBXFileReference; lastKnownFileType = image.png; path = gbox114.png; sourceTree = "<group>"; };
		FF8BF6C118B61E60008D064E /* gbox120.png */ = {isa = PBXFileReference; lastKnownFileType = image.png; path = gbox120.png; sourceTree = "<group>"; };
		FF9A7FA318B0CA7F00D8A628 /* GBox.entitlements */ = {isa = PBXFileReference; lastKnownFileType = text.xml; path = GBox.entitlements; sourceTree = "<group>"; };
		FF9D238B18BC9FE400252A70 /* cancle.png */ = {isa = PBXFileReference; lastKnownFileType = image.png; path = cancle.png; sourceTree = "<group>"; };
		FFA4CB9A18AC75E70040EE9A /* Xselect.png */ = {isa = PBXFileReference; lastKnownFileType = image.png; path = Xselect.png; sourceTree = "<group>"; };
		FFA4CB9B18AC75E70040EE9A /* Xstart.png */ = {isa = PBXFileReference; lastKnownFileType = image.png; path = Xstart.png; sourceTree = "<group>"; };
		FFAD395A18ABCC0A00FF013F /* XDown.png */ = {isa = PBXFileReference; lastKnownFileType = image.png; path = XDown.png; sourceTree = "<group>"; };
		FFAD395C18ABD5A500FF013F /* XUp.png */ = {isa = PBXFileReference; lastKnownFileType = image.png; path = XUp.png; sourceTree = "<group>"; };
		FFAD395E18ABD8D800FF013F /* XLeft.png */ = {isa = PBXFileReference; lastKnownFileType = image.png; path = XLeft.png; sourceTree = "<group>"; };
		FFAD395F18ABD8D800FF013F /* XRight.png */ = {isa = PBXFileReference; lastKnownFileType = image.png; path = XRight.png; sourceTree = "<group>"; };
		FFAD396218ABDAE400FF013F /* Xjoyback.png */ = {isa = PBXFileReference; lastKnownFileType = image.png; path = Xjoyback.png; sourceTree = "<group>"; };
		FFAD396318ABDAE400FF013F /* Xjoybut.png */ = {isa = PBXFileReference; lastKnownFileType = image.png; path = Xjoybut.png; sourceTree = "<group>"; };
		FFAEEEDF18AB3BCE00BB1998 /* QuartzCore.framework */ = {isa = PBXFileReference; lastKnownFileType = wrapper.framework; name = QuartzCore.framework; path = System/Library/Frameworks/QuartzCore.framework; sourceTree = SDKROOT; };
		FFAEEEE318AB5A1D00BB1998 /* back.png */ = {isa = PBXFileReference; lastKnownFileType = image.png; path = back.png; sourceTree = "<group>"; };
		FFB3FA4C18AF3BF00031A2C5 /* GBoxFinderViewController.h */ = {isa = PBXFileReference; fileEncoding = 4; lastKnownFileType = sourcecode.c.h; path = GBoxFinderViewController.h; sourceTree = "<group>"; };
		FFB3FA4D18AF3BF00031A2C5 /* GBoxFinderViewController.m */ = {isa = PBXFileReference; fileEncoding = 4; lastKnownFileType = sourcecode.c.objc; path = GBoxFinderViewController.m; sourceTree = "<group>"; };
		FFB3FA4E18AF3BF00031A2C5 /* GBoxFinderViewController.xib */ = {isa = PBXFileReference; fileEncoding = 4; lastKnownFileType = file.xib; path = GBoxFinderViewController.xib; sourceTree = "<group>"; };
		FFBC01A018B12B8500B4809D /* pcjoy logo.png */ = {isa = PBXFileReference; lastKnownFileType = image.png; path = "pcjoy logo.png"; sourceTree = "<group>"; };
		FFBC01A218B12D3B00B4809D /* gbsettings logo.png */ = {isa = PBXFileReference; lastKnownFileType = image.png; path = "gbsettings logo.png"; sourceTree = "<group>"; };
		FFBC01A418B12DBC00B4809D /* gboxfinder logo.png */ = {isa = PBXFileReference; lastKnownFileType = image.png; path = "gboxfinder logo.png"; sourceTree = "<group>"; };
		FFBC01A818B1316000B4809D /* Greenback.png */ = {isa = PBXFileReference; lastKnownFileType = image.png; path = Greenback.png; sourceTree = "<group>"; };
		FFBC01AA18B1324B00B4809D /* Brownback.png */ = {isa = PBXFileReference; lastKnownFileType = image.png; path = Brownback.png; sourceTree = "<group>"; };
		FFBDB2A718B1FAAF00FA6C72 /* MapKit.framework */ = {isa = PBXFileReference; lastKnownFileType = wrapper.framework; name = MapKit.framework; path = System/Library/Frameworks/MapKit.framework; sourceTree = SDKROOT; };
		FFBDB2A918B2030E00FA6C72 /* MapViewAnnotation.h */ = {isa = PBXFileReference; fileEncoding = 4; lastKnownFileType = sourcecode.c.h; path = MapViewAnnotation.h; sourceTree = "<group>"; };
		FFBDB2AA18B2030E00FA6C72 /* MapViewAnnotation.m */ = {isa = PBXFileReference; fileEncoding = 4; lastKnownFileType = sourcecode.c.objc; path = MapViewAnnotation.m; sourceTree = "<group>"; };
		FFC0C96218AD077C00D194C3 /* Xglow.png */ = {isa = PBXFileReference; lastKnownFileType = image.png; path = Xglow.png; sourceTree = "<group>"; };
		FFC0C96818AD0A6900D194C3 /* XGuide button.png */ = {isa = PBXFileReference; lastKnownFileType = image.png; path = "XGuide button.png"; sourceTree = "<group>"; };
		FFC0C96E18AD133C00D194C3 /* PSblack.png */ = {isa = PBXFileReference; lastKnownFileType = image.png; path = PSblack.png; sourceTree = "<group>"; };
		FFC0C96F18AD133C00D194C3 /* PSblue.png */ = {isa = PBXFileReference; lastKnownFileType = image.png; path = PSblue.png; sourceTree = "<group>"; };
		FFC1771118B0DD6A00AEC693 /* gboxnote.mp3 */ = {isa = PBXFileReference; lastKnownFileType = audio.mp3; path = gboxnote.mp3; sourceTree = "<group>"; };
		FFC5AB6518AD38680048892C /* finder.png */ = {isa = PBXFileReference; lastKnownFileType = image.png; path = finder.png; sourceTree = "<group>"; };
		FFC5AB6918AD3AC00048892C /* setting icon.png */ = {isa = PBXFileReference; lastKnownFileType = image.png; path = "setting icon.png"; sourceTree = "<group>"; };
		FFCB056818AB91F10025A4DF /* XA.png */ = {isa = PBXFileReference; lastKnownFileType = image.png; path = XA.png; sourceTree = "<group>"; };
		FFCB056918AB91F10025A4DF /* XB.png */ = {isa = PBXFileReference; lastKnownFileType = image.png; path = XB.png; sourceTree = "<group>"; };
		FFCB056A18AB91F10025A4DF /* XX.png */ = {isa = PBXFileReference; lastKnownFileType = image.png; path = XX.png; sourceTree = "<group>"; };
		FFCB056B18AB91F10025A4DF /* XY.png */ = {isa = PBXFileReference; lastKnownFileType = image.png; path = XY.png; sourceTree = "<group>"; };
		FFCB057018AB92F20025A4DF /* XdPad.png */ = {isa = PBXFileReference; lastKnownFileType = image.png; path = XdPad.png; sourceTree = "<group>"; };
		FFCB057118AB92F20025A4DF /* XLeft Joy.png */ = {isa = PBXFileReference; lastKnownFileType = image.png; path = "XLeft Joy.png"; sourceTree = "<group>"; };
		FFCB057218AB92F20025A4DF /* XRight Joy.png */ = {isa = PBXFileReference; lastKnownFileType = image.png; path = "XRight Joy.png"; sourceTree = "<group>"; };
		FFD9369C18A799BB00B8F558 /* GBox Finder.app */ = {isa = PBXFileReference; explicitFileType = wrapper.application; includeInIndex = 0; path = "GBox Finder.app"; sourceTree = BUILT_PRODUCTS_DIR; };
		FFD9369F18A799BB00B8F558 /* Foundation.framework */ = {isa = PBXFileReference; lastKnownFileType = wrapper.framework; name = Foundation.framework; path = System/Library/Frameworks/Foundation.framework; sourceTree = SDKROOT; };
		FFD936A118A799BB00B8F558 /* CoreGraphics.framework */ = {isa = PBXFileReference; lastKnownFileType = wrapper.framework; name = CoreGraphics.framework; path = System/Library/Frameworks/CoreGraphics.framework; sourceTree = SDKROOT; };
		FFD936A318A799BB00B8F558 /* UIKit.framework */ = {isa = PBXFileReference; lastKnownFileType = wrapper.framework; name = UIKit.framework; path = System/Library/Frameworks/UIKit.framework; sourceTree = SDKROOT; };
		FFD936A718A799BB00B8F558 /* GBox Finder-Info.plist */ = {isa = PBXFileReference; lastKnownFileType = text.plist.xml; path = "GBox Finder-Info.plist"; sourceTree = "<group>"; };
		FFD936A918A799BB00B8F558 /* en */ = {isa = PBXFileReference; lastKnownFileType = text.plist.strings; name = en; path = en.lproj/InfoPlist.strings; sourceTree = "<group>"; };
		FFD936AB18A799BB00B8F558 /* main.m */ = {isa = PBXFileReference; lastKnownFileType = sourcecode.c.objc; path = main.m; sourceTree = "<group>"; };
		FFD936AD18A799BB00B8F558 /* GBox Finder-Prefix.pch */ = {isa = PBXFileReference; lastKnownFileType = sourcecode.c.h; path = "GBox Finder-Prefix.pch"; sourceTree = "<group>"; };
		FFD936AE18A799BB00B8F558 /* AppDelegate.h */ = {isa = PBXFileReference; lastKnownFileType = sourcecode.c.h; path = AppDelegate.h; sourceTree = "<group>"; };
		FFD936AF18A799BB00B8F558 /* AppDelegate.m */ = {isa = PBXFileReference; lastKnownFileType = sourcecode.c.objc; path = AppDelegate.m; sourceTree = "<group>"; };
		FFD936B118A799BB00B8F558 /* Images.xcassets */ = {isa = PBXFileReference; lastKnownFileType = folder.assetcatalog; path = Images.xcassets; sourceTree = "<group>"; };
		FFD936B718A799BB00B8F558 /* GBox FinderTests.xctest */ = {isa = PBXFileReference; explicitFileType = wrapper.cfbundle; includeInIndex = 0; path = "GBox FinderTests.xctest"; sourceTree = BUILT_PRODUCTS_DIR; };
		FFD936B818A799BB00B8F558 /* XCTest.framework */ = {isa = PBXFileReference; lastKnownFileType = wrapper.framework; name = XCTest.framework; path = Library/Frameworks/XCTest.framework; sourceTree = DEVELOPER_DIR; };
		FFD936C018A799BB00B8F558 /* GBox FinderTests-Info.plist */ = {isa = PBXFileReference; lastKnownFileType = text.plist.xml; path = "GBox FinderTests-Info.plist"; sourceTree = "<group>"; };
		FFD936C218A799BB00B8F558 /* en */ = {isa = PBXFileReference; lastKnownFileType = text.plist.strings; name = en; path = en.lproj/InfoPlist.strings; sourceTree = "<group>"; };
		FFD936C418A799BB00B8F558 /* GBoxTests.m */ = {isa = PBXFileReference; lastKnownFileType = sourcecode.c.objc; path = GBoxTests.m; sourceTree = "<group>"; };
		FFD936D118A79A3B00B8F558 /* HomeViewController.h */ = {isa = PBXFileReference; fileEncoding = 4; lastKnownFileType = sourcecode.c.h; path = HomeViewController.h; sourceTree = "<group>"; };
		FFD936D218A79A3B00B8F558 /* HomeViewController.m */ = {isa = PBXFileReference; fileEncoding = 4; lastKnownFileType = sourcecode.c.objc; path = HomeViewController.m; sourceTree = "<group>"; };
		FFD936D318A79A3B00B8F558 /* HomeViewController.xib */ = {isa = PBXFileReference; fileEncoding = 4; lastKnownFileType = file.xib; path = HomeViewController.xib; sourceTree = "<group>"; };
		FFD936D818A79E6200B8F558 /* white back.jpeg */ = {isa = PBXFileReference; lastKnownFileType = image.jpeg; path = "white back.jpeg"; sourceTree = "<group>"; };
		FFD936DF18A7A79200B8F558 /* SettingsViewController.h */ = {isa = PBXFileReference; fileEncoding = 4; lastKnownFileType = sourcecode.c.h; path = SettingsViewController.h; sourceTree = "<group>"; };
		FFD936E018A7A79200B8F558 /* SettingsViewController.m */ = {isa = PBXFileReference; fileEncoding = 4; lastKnownFileType = sourcecode.c.objc; path = SettingsViewController.m; sourceTree = "<group>"; };
		FFD936E118A7A79200B8F558 /* SettingsViewController.xib */ = {isa = PBXFileReference; fileEncoding = 4; lastKnownFileType = file.xib; path = SettingsViewController.xib; sourceTree = "<group>"; };
		FFD936E518A7A9E400B8F558 /* SerialGATT.h */ = {isa = PBXFileReference; fileEncoding = 4; lastKnownFileType = sourcecode.c.h; path = SerialGATT.h; sourceTree = "<group>"; };
		FFD936E618A7A9E400B8F558 /* SerialGATT.m */ = {isa = PBXFileReference; fileEncoding = 4; lastKnownFileType = sourcecode.c.objc; path = SerialGATT.m; sourceTree = "<group>"; };
		FFE051AE18AA076F004539B6 /* PS Home Pressed.png */ = {isa = PBXFileReference; lastKnownFileType = image.png; path = "PS Home Pressed.png"; sourceTree = "<group>"; };
		FFE051B018AA076F004539B6 /* PS Home.png */ = {isa = PBXFileReference; lastKnownFileType = image.png; path = "PS Home.png"; sourceTree = "<group>"; };
		FFE051B118AA076F004539B6 /* Square Pressed.png */ = {isa = PBXFileReference; lastKnownFileType = image.png; path = "Square Pressed.png"; sourceTree = "<group>"; };
		FFE051B218AA076F004539B6 /* X Pressed.png */ = {isa = PBXFileReference; lastKnownFileType = image.png; path = "X Pressed.png"; sourceTree = "<group>"; };
		FFE051B518AA076F004539B6 /* O Pressed.png */ = {isa = PBXFileReference; lastKnownFileType = image.png; path = "O Pressed.png"; sourceTree = "<group>"; };
		FFE051BE18AA07B2004539B6 /* Triangle.png */ = {isa = PBXFileReference; lastKnownFileType = image.png; path = Triangle.png; sourceTree = "<group>"; };
		FFE051C218AA0C0D004539B6 /* Square.png */ = {isa = PBXFileReference; lastKnownFileType = image.png; path = Square.png; sourceTree = "<group>"; };
		FFE051C318AA0C0D004539B6 /* O.png */ = {isa = PBXFileReference; lastKnownFileType = image.png; path = O.png; sourceTree = "<group>"; };
		FFE051C418AA0C0D004539B6 /* X.png */ = {isa = PBXFileReference; lastKnownFileType = image.png; path = X.png; sourceTree = "<group>"; };
		FFE051C818AA0D7E004539B6 /* Triangle Pressed.png */ = {isa = PBXFileReference; lastKnownFileType = image.png; path = "Triangle Pressed.png"; sourceTree = "<group>"; };
		FFE051D618AA164C004539B6 /* L1.png */ = {isa = PBXFileReference; lastKnownFileType = image.png; path = L1.png; sourceTree = "<group>"; };
		FFE051D818AA1B26004539B6 /* R2.png */ = {isa = PBXFileReference; lastKnownFileType = image.png; path = R2.png; sourceTree = "<group>"; };
		FFE051D918AA1B26004539B6 /* L2.png */ = {isa = PBXFileReference; lastKnownFileType = image.png; path = L2.png; sourceTree = "<group>"; };
		FFE051DA18AA1B26004539B6 /* R1.png */ = {isa = PBXFileReference; lastKnownFileType = image.png; path = R1.png; sourceTree = "<group>"; };
		FFE051E618AA1EF7004539B6 /* L2 Pressed.png */ = {isa = PBXFileReference; lastKnownFileType = image.png; path = "L2 Pressed.png"; sourceTree = "<group>"; };
		FFE051E718AA1EF7004539B6 /* R2 Pressed.png */ = {isa = PBXFileReference; lastKnownFileType = image.png; path = "R2 Pressed.png"; sourceTree = "<group>"; };
		FFE051E818AA1EF7004539B6 /* L1 Pressed.png */ = {isa = PBXFileReference; lastKnownFileType = image.png; path = "L1 Pressed.png"; sourceTree = "<group>"; };
		FFE051E918AA1EF7004539B6 /* R1 Pressed.png */ = {isa = PBXFileReference; lastKnownFileType = image.png; path = "R1 Pressed.png"; sourceTree = "<group>"; };
		FFE051EE18AA2170004539B6 /* Start.png */ = {isa = PBXFileReference; lastKnownFileType = image.png; path = Start.png; sourceTree = "<group>"; };
		FFE051EF18AA2170004539B6 /* Select.png */ = {isa = PBXFileReference; lastKnownFileType = image.png; path = Select.png; sourceTree = "<group>"; };
		FFE051F218AA2419004539B6 /* Select Pressed.png */ = {isa = PBXFileReference; lastKnownFileType = image.png; path = "Select Pressed.png"; sourceTree = "<group>"; };
		FFE051F318AA2419004539B6 /* Start Pressed.png */ = {isa = PBXFileReference; lastKnownFileType = image.png; path = "Start Pressed.png"; sourceTree = "<group>"; };
		FFE99C3F18AF9F4B0024002D /* refresh.png */ = {isa = PBXFileReference; lastKnownFileType = image.png; path = refresh.png; sourceTree = "<group>"; };
		FFE99C4118AFC9FD0024002D /* CoreLocation.framework */ = {isa = PBXFileReference; lastKnownFileType = wrapper.framework; name = CoreLocation.framework; path = System/Library/Frameworks/CoreLocation.framework; sourceTree = SDKROOT; };
		FFEAF62D18AA45F1006698EA /* pad.png */ = {isa = PBXFileReference; lastKnownFileType = image.png; path = pad.png; sourceTree = "<group>"; };
		FFEAF63B18AA4D83006698EA /* Up.png */ = {isa = PBXFileReference; lastKnownFileType = image.png; path = Up.png; sourceTree = "<group>"; };
		FFEAF63C18AA4D83006698EA /* Left.png */ = {isa = PBXFileReference; lastKnownFileType = image.png; path = Left.png; sourceTree = "<group>"; };
		FFEAF63D18AA4D83006698EA /* Right.png */ = {isa = PBXFileReference; lastKnownFileType = image.png; path = Right.png; sourceTree = "<group>"; };
		FFEAF63E18AA4D83006698EA /* Down.png */ = {isa = PBXFileReference; lastKnownFileType = image.png; path = Down.png; sourceTree = "<group>"; };
		FFFE118B18E32A3A0091A9F0 /* pin.png */ = {isa = PBXFileReference; lastKnownFileType = image.png; path = pin.png; sourceTree = "<group>"; };
/* End PBXFileReference section */

/* Begin PBXFrameworksBuildPhase section */
		FFD9369918A799BB00B8F558 /* Frameworks */ = {
			isa = PBXFrameworksBuildPhase;
			buildActionMask = 2147483647;
			files = (
				FF01650118DC492100F38467 /* AVFoundation.framework in Frameworks */,
				FF271FFD18B752D800D50BEF /* AudioToolbox.framework in Frameworks */,
				FFBDB2A818B1FAAF00FA6C72 /* MapKit.framework in Frameworks */,
				FFE99C4218AFC9FD0024002D /* CoreLocation.framework in Frameworks */,
				FFAEEEE018AB3BCE00BB1998 /* QuartzCore.framework in Frameworks */,
				FF45D17018A909F6000418CE /* CoreBluetooth.framework in Frameworks */,
				FF45D15218A8DD10000418CE /* MessageUI.framework in Frameworks */,
				FFD936A218A799BB00B8F558 /* CoreGraphics.framework in Frameworks */,
				FFD936A418A799BB00B8F558 /* UIKit.framework in Frameworks */,
				FFD936A018A799BB00B8F558 /* Foundation.framework in Frameworks */,
			);
			runOnlyForDeploymentPostprocessing = 0;
		};
		FFD936B418A799BB00B8F558 /* Frameworks */ = {
			isa = PBXFrameworksBuildPhase;
			buildActionMask = 2147483647;
			files = (
				FFD936B918A799BB00B8F558 /* XCTest.framework in Frameworks */,
				FFD936BB18A799BB00B8F558 /* UIKit.framework in Frameworks */,
				FFD936BA18A799BB00B8F558 /* Foundation.framework in Frameworks */,
			);
			runOnlyForDeploymentPostprocessing = 0;
		};
/* End PBXFrameworksBuildPhase section */

/* Begin PBXGroup section */
		FF3D0DBC18D9A5E4002ECAE3 /* GBox Never Loose */ = {
			isa = PBXGroup;
			children = (
				FF3D0DBD18D9A62A002ECAE3 /* CoreBluetooth Files */,
				FF3D0DC118D9A6D1002ECAE3 /* UI */,
				FF3D0DBE18D9A681002ECAE3 /* Peripheral View Controller */,
				FF3D0DBF18D9A690002ECAE3 /* Peripheral Table View Cell */,
				FF3D0DC018D9A6A6002ECAE3 /* Sensor Tag View Controller */,
			);
			name = "GBox Never Loose";
			path = ..;
			sourceTree = "<group>";
		};
		FF3D0DBD18D9A62A002ECAE3 /* CoreBluetooth Files */ = {
			isa = PBXGroup;
			children = (
				FF3D0DEE18D9A740002ECAE3 /* YMS128.h */,
				FF3D0DEF18D9A740002ECAE3 /* YMS128.c */,
				FF3D0DF018D9A740002ECAE3 /* YMSCBCentralManager.h */,
				FF3D0DF118D9A740002ECAE3 /* YMSCBCentralManager.m */,
				FF3D0DF218D9A740002ECAE3 /* YMSCBPeripheral.h */,
				FF3D0DF318D9A740002ECAE3 /* YMSCBPeripheral.m */,
				FF3D0DF418D9A740002ECAE3 /* YMSCBService.h */,
				FF3D0DF518D9A740002ECAE3 /* YMSCBService.m */,
				FF3D0DF618D9A740002ECAE3 /* YMSCBCharacteristic.h */,
				FF3D0DF718D9A740002ECAE3 /* YMSCBCharacteristic.m */,
				FF3D0DF818D9A740002ECAE3 /* YMSCBDescriptor.h */,
				FF3D0DF918D9A740002ECAE3 /* YMSCBDescriptor.m */,
				FF3D0DFA18D9A740002ECAE3 /* YMSCBUtils.h */,
				FF3D0DFB18D9A740002ECAE3 /* YMSCBUtils.m */,
				FF3D0DFC18D9A740002ECAE3 /* YMSCBStoredPeripherals.h */,
				FF3D0DFD18D9A740002ECAE3 /* YMSCBStoredPeripherals.m */,
				FF3D0DFE18D9A740002ECAE3 /* NSMutableArray+fifoQueue.h */,
				FF3D0DFF18D9A740002ECAE3 /* NSMutableArray+fifoQueue.m */,
			);
			name = "CoreBluetooth Files";
			sourceTree = "<group>";
		};
		FF3D0DBE18D9A681002ECAE3 /* Peripheral View Controller */ = {
			isa = PBXGroup;
			children = (
				FF3D0E1318D9A76F002ECAE3 /* DEAPeripheralsViewController.h */,
				FF3D0E1418D9A76F002ECAE3 /* DEAPeripheralsViewController.m */,
				FF3D0E1518D9A76F002ECAE3 /* DEAPeripheralsViewController.xib */,
			);
			name = "Peripheral View Controller";
			sourceTree = "<group>";
		};
		FF3D0DBF18D9A690002ECAE3 /* Peripheral Table View Cell */ = {
			isa = PBXGroup;
			children = (
				FF3D0E0E18D9A763002ECAE3 /* DEAPeripheralTableViewCell.h */,
				FF3D0E0F18D9A763002ECAE3 /* DEAPeripheralTableViewCell.m */,
				FF3D0E1018D9A763002ECAE3 /* DEAPeripheralTableViewCell.xib */,
			);
			name = "Peripheral Table View Cell";
			sourceTree = "<group>";
		};
		FF3D0DC018D9A6A6002ECAE3 /* Sensor Tag View Controller */ = {
			isa = PBXGroup;
			children = (
				FF3D0E0918D9A759002ECAE3 /* DEASensorTagViewController.h */,
				FF3D0E0A18D9A759002ECAE3 /* DEASensorTagViewController.m */,
				FF3D0E0B18D9A759002ECAE3 /* DEASensorTagViewController.xib */,
			);
			name = "Sensor Tag View Controller";
			sourceTree = "<group>";
		};
		FF3D0DC118D9A6D1002ECAE3 /* UI */ = {
			isa = PBXGroup;
			children = (
				FF3D0DC218D9A6E5002ECAE3 /* DEAStyleSheet.h */,
				FF3D0DC318D9A706002ECAE3 /* DEATheme.h */,
				FF3D0DC418D9A706002ECAE3 /* DEATheme.m */,
				FF3D0DC518D9A706002ECAE3 /* DEADefaultTheme.h */,
				FF3D0DC618D9A706002ECAE3 /* DEADefaultTheme.m */,
				FF3D0DC918D9A70E002ECAE3 /* DEABaseViewController.h */,
				FF3D0DCA18D9A70E002ECAE3 /* DEABaseViewController.m */,
				FF3D0DCC18D9A717002ECAE3 /* DEACentralManager.h */,
				FF3D0DCD18D9A717002ECAE3 /* DEACentralManager.m */,
				FF3D0DCF18D9A72B002ECAE3 /* TISensorTag.h */,
				FF3D0DD018D9A72B002ECAE3 /* DEASensorTag.h */,
				FF3D0DD118D9A72B002ECAE3 /* DEASensorTag.m */,
				FF3D0DD218D9A72B002ECAE3 /* DEABaseService.h */,
				FF3D0DD318D9A72B002ECAE3 /* DEABaseService.m */,
				FF3D0DD418D9A72B002ECAE3 /* DEAAccelerometerService.h */,
				FF3D0DD518D9A72B002ECAE3 /* DEAAccelerometerService.m */,
				FF3D0DD618D9A72B002ECAE3 /* DEABarometerService.h */,
				FF3D0DD718D9A72B002ECAE3 /* DEABarometerService.m */,
				FF3D0DD818D9A72B002ECAE3 /* DEADeviceInfoService.h */,
				FF3D0DD918D9A72B002ECAE3 /* DEADeviceInfoService.m */,
				FF3D0DDA18D9A72B002ECAE3 /* DEAGyroscopeService.h */,
				FF3D0DDB18D9A72B002ECAE3 /* DEAGyroscopeService.m */,
				FF3D0DDC18D9A72B002ECAE3 /* DEAHumidityService.h */,
				FF3D0DDD18D9A72B002ECAE3 /* DEAHumidityService.m */,
				FF3D0DDE18D9A72B002ECAE3 /* DEAMagnetometerService.h */,
				FF3D0DDF18D9A72B002ECAE3 /* DEAMagnetometerService.m */,
				FF3D0DE018D9A72B002ECAE3 /* DEASimpleKeysService.h */,
				FF3D0DE118D9A72B002ECAE3 /* DEASimpleKeysService.m */,
				FF3D0DE218D9A72B002ECAE3 /* DEATemperatureService.h */,
				FF3D0DE318D9A72B002ECAE3 /* DEATemperatureService.m */,
				FF3D0E1C18D9B80C002ECAE3 /* Sensor */,
			);
			name = UI;
			sourceTree = "<group>";
		};
		FF3D0E1C18D9B80C002ECAE3 /* Sensor */ = {
			isa = PBXGroup;
			children = (
				FF3D0E1D18D9B81B002ECAE3 /* DEAAccelerometerViewCell.h */,
				FF3D0E1E18D9B81B002ECAE3 /* DEAAccelerometerViewCell.m */,
				FF3D0E1F18D9B81B002ECAE3 /* DEABarometerViewCell.h */,
				FF3D0E2018D9B81B002ECAE3 /* DEABarometerViewCell.m */,
				FF3D0E2118D9B81B002ECAE3 /* DEADeviceInfoViewCell.h */,
				FF3D0E2218D9B81B002ECAE3 /* DEADeviceInfoViewCell.m */,
				FF3D0E2318D9B81B002ECAE3 /* DEAGyroscopeViewCell.h */,
				FF3D0E2418D9B81B002ECAE3 /* DEAGyroscopeViewCell.m */,
				FF3D0E2518D9B81B002ECAE3 /* DEAHumidityViewCell.h */,
				FF3D0E2618D9B81B002ECAE3 /* DEAHumidityViewCell.m */,
				FF3D0E2718D9B81B002ECAE3 /* DEAMagnetometerViewCell.h */,
				FF3D0E2818D9B81B002ECAE3 /* DEAMagnetometerViewCell.m */,
				FF3D0E2918D9B81B002ECAE3 /* DEASimpleKeysViewCell.h */,
				FF3D0E2A18D9B81B002ECAE3 /* DEASimpleKeysViewCell.m */,
				FF3D0E2B18D9B81B002ECAE3 /* DEATemperatureViewCell.h */,
				FF3D0E2C18D9B81B002ECAE3 /* DEATemperatureViewCell.m */,
			);
			name = Sensor;
			sourceTree = "<group>";
		};
		FFD9369318A799BB00B8F558 = {
			isa = PBXGroup;
			children = (
				FFD936A518A799BB00B8F558 /* GBox */,
				FFD936BE18A799BB00B8F558 /* GBoxTests */,
				FFD9369E18A799BB00B8F558 /* Frameworks */,
				FFD9369D18A799BB00B8F558 /* Products */,
			);
			sourceTree = "<group>";
		};
		FFD9369D18A799BB00B8F558 /* Products */ = {
			isa = PBXGroup;
			children = (
				FFD9369C18A799BB00B8F558 /* GBox Finder.app */,
				FFD936B718A799BB00B8F558 /* GBox FinderTests.xctest */,
			);
			name = Products;
			sourceTree = "<group>";
		};
		FFD9369E18A799BB00B8F558 /* Frameworks */ = {
			isa = PBXGroup;
			children = (
				FF01650018DC492100F38467 /* AVFoundation.framework */,
				FF248C2A18B74D8D00729E19 /* AudioToolbox.framework */,
				FFBDB2A718B1FAAF00FA6C72 /* MapKit.framework */,
				FFE99C4118AFC9FD0024002D /* CoreLocation.framework */,
				FFAEEEDF18AB3BCE00BB1998 /* QuartzCore.framework */,
				FF45D16F18A909F6000418CE /* CoreBluetooth.framework */,
				FF45D15118A8DD10000418CE /* MessageUI.framework */,
				FFD9369F18A799BB00B8F558 /* Foundation.framework */,
				FFD936A118A799BB00B8F558 /* CoreGraphics.framework */,
				FFD936A318A799BB00B8F558 /* UIKit.framework */,
				FFD936B818A799BB00B8F558 /* XCTest.framework */,
			);
			name = Frameworks;
			sourceTree = "<group>";
		};
		FFD936A518A799BB00B8F558 /* GBox */ = {
			isa = PBXGroup;
			children = (
				FF9A7FA318B0CA7F00D8A628 /* GBox.entitlements */,
				FFD936AE18A799BB00B8F558 /* AppDelegate.h */,
				FFD936AF18A799BB00B8F558 /* AppDelegate.m */,
				FFD936B118A799BB00B8F558 /* Images.xcassets */,
				FFD936D618A79A4600B8F558 /* Home View Controller */,
				FFD936DE18A7A77900B8F558 /* Settings */,
				FFD936DD18A7A76900B8F558 /* GBox Finder */,
				FF3D0DBC18D9A5E4002ECAE3 /* GBox Never Loose */,
				FFD936D718A79E4000B8F558 /* Image Resources */,
				FFD936E418A7A9D700B8F558 /* SerialGATT */,
				FFD936A618A799BB00B8F558 /* Supporting Files */,
			);
			path = GBox;
			sourceTree = "<group>";
		};
		FFD936A618A799BB00B8F558 /* Supporting Files */ = {
			isa = PBXGroup;
			children = (
				FFC1771118B0DD6A00AEC693 /* gboxnote.mp3 */,
				FFD936A718A799BB00B8F558 /* GBox Finder-Info.plist */,
				FFD936A818A799BB00B8F558 /* InfoPlist.strings */,
				FFD936AB18A799BB00B8F558 /* main.m */,
				FFD936AD18A799BB00B8F558 /* GBox Finder-Prefix.pch */,
			);
			name = "Supporting Files";
			sourceTree = "<group>";
		};
		FFD936BE18A799BB00B8F558 /* GBoxTests */ = {
			isa = PBXGroup;
			children = (
				FFD936C418A799BB00B8F558 /* GBoxTests.m */,
				FFD936BF18A799BB00B8F558 /* Supporting Files */,
			);
			path = GBoxTests;
			sourceTree = "<group>";
		};
		FFD936BF18A799BB00B8F558 /* Supporting Files */ = {
			isa = PBXGroup;
			children = (
				FFD936C018A799BB00B8F558 /* GBox FinderTests-Info.plist */,
				FFD936C118A799BB00B8F558 /* InfoPlist.strings */,
			);
			name = "Supporting Files";
			sourceTree = "<group>";
		};
		FFD936D618A79A4600B8F558 /* Home View Controller */ = {
			isa = PBXGroup;
			children = (
				FFD936D118A79A3B00B8F558 /* HomeViewController.h */,
				FFD936D218A79A3B00B8F558 /* HomeViewController.m */,
				FFD936D318A79A3B00B8F558 /* HomeViewController.xib */,
			);
			name = "Home View Controller";
			sourceTree = "<group>";
		};
		FFD936D718A79E4000B8F558 /* Image Resources */ = {
			isa = PBXGroup;
			children = (
				FFFE118B18E32A3A0091A9F0 /* pin.png */,
				FF4BD01718DEF72D0098C2F4 /* finderlaunch960.png */,
				FF4BD01818DEF72D0098C2F4 /* Default-568h@2x.png */,
				FF4BD01918DEF72D0098C2F4 /* finderlaunch1136.png */,
				FF010EB118DD845200065D61 /* neverlooselogo.png */,
				FF0164FE18DC43B200F38467 /* GBox Finder Logo.png */,
				FF0164FC18DC3DA500F38467 /* iconBeepOn.png */,
				FF0164FA18DC3D9E00F38467 /* iconBeepOff.png */,
				FF0164F818DC3D8200F38467 /* iconStatusAdvertising.png */,
				FF3D0E1818D9A7BE002ECAE3 /* iconStatusSignal.png */,
				FF3D0E1918D9A7BE002ECAE3 /* iconStatusSignal@2x.png */,
				FF9D238B18BC9FE400252A70 /* cancle.png */,
				FF8BF6BC18B61E60008D064E /* gbox29.png */,
				FF8BF6BD18B61E60008D064E /* gbox57.png */,
				FF8BF6BE18B61E60008D064E /* gbox58.png */,
				FF8BF6BF18B61E60008D064E /* gbox80.png */,
				FF8BF6C018B61E60008D064E /* gbox114.png */,
				FF8BF6C118B61E60008D064E /* gbox120.png */,
				FF3D7D1C18D2C8C30079E212 /* Blackback.png */,
				FFBC01AA18B1324B00B4809D /* Brownback.png */,
				FFBC01A818B1316000B4809D /* Greenback.png */,
				FFBC01A418B12DBC00B4809D /* gboxfinder logo.png */,
				FFBC01A218B12D3B00B4809D /* gbsettings logo.png */,
				FFBC01A018B12B8500B4809D /* pcjoy logo.png */,
				FFE99C3F18AF9F4B0024002D /* refresh.png */,
				FFC5AB6918AD3AC00048892C /* setting icon.png */,
				FFC5AB6518AD38680048892C /* finder.png */,
				FFC0C96E18AD133C00D194C3 /* PSblack.png */,
				FFC0C96F18AD133C00D194C3 /* PSblue.png */,
				FFC0C96818AD0A6900D194C3 /* XGuide button.png */,
				FFC0C96218AD077C00D194C3 /* Xglow.png */,
				FFA4CB9A18AC75E70040EE9A /* Xselect.png */,
				FFA4CB9B18AC75E70040EE9A /* Xstart.png */,
				FFAD396218ABDAE400FF013F /* Xjoyback.png */,
				FFAD396318ABDAE400FF013F /* Xjoybut.png */,
				FFAD395E18ABD8D800FF013F /* XLeft.png */,
				FFAD395F18ABD8D800FF013F /* XRight.png */,
				FFAD395C18ABD5A500FF013F /* XUp.png */,
				FFAD395A18ABCC0A00FF013F /* XDown.png */,
				FFCB057018AB92F20025A4DF /* XdPad.png */,
				FFCB057118AB92F20025A4DF /* XLeft Joy.png */,
				FFCB057218AB92F20025A4DF /* XRight Joy.png */,
				FFCB056818AB91F10025A4DF /* XA.png */,
				FFCB056918AB91F10025A4DF /* XB.png */,
				FFCB056A18AB91F10025A4DF /* XX.png */,
				FFCB056B18AB91F10025A4DF /* XY.png */,
				FFAEEEE318AB5A1D00BB1998 /* back.png */,
				FFEAF63B18AA4D83006698EA /* Up.png */,
				FFEAF63C18AA4D83006698EA /* Left.png */,
				FFEAF63D18AA4D83006698EA /* Right.png */,
				FFEAF63E18AA4D83006698EA /* Down.png */,
				FFEAF62D18AA45F1006698EA /* pad.png */,
				FFE051F218AA2419004539B6 /* Select Pressed.png */,
				FFE051F318AA2419004539B6 /* Start Pressed.png */,
				FFE051EE18AA2170004539B6 /* Start.png */,
				FFE051EF18AA2170004539B6 /* Select.png */,
				FFE051E618AA1EF7004539B6 /* L2 Pressed.png */,
				FFE051E718AA1EF7004539B6 /* R2 Pressed.png */,
				FFE051E818AA1EF7004539B6 /* L1 Pressed.png */,
				FFE051E918AA1EF7004539B6 /* R1 Pressed.png */,
				FFE051D818AA1B26004539B6 /* R2.png */,
				FFE051D918AA1B26004539B6 /* L2.png */,
				FFE051DA18AA1B26004539B6 /* R1.png */,
				FFE051D618AA164C004539B6 /* L1.png */,
				FFE051C818AA0D7E004539B6 /* Triangle Pressed.png */,
				FFE051C218AA0C0D004539B6 /* Square.png */,
				FFE051C318AA0C0D004539B6 /* O.png */,
				FFE051C418AA0C0D004539B6 /* X.png */,
				FFE051BE18AA07B2004539B6 /* Triangle.png */,
				FFE051AE18AA076F004539B6 /* PS Home Pressed.png */,
				FFE051B018AA076F004539B6 /* PS Home.png */,
				FFE051B118AA076F004539B6 /* Square Pressed.png */,
				FFE051B218AA076F004539B6 /* X Pressed.png */,
				FFE051B518AA076F004539B6 /* O Pressed.png */,
				FF45D16D18A90805000418CE /* buttonpad.png */,
				FF45D16118A8F0E3000418CE /* round right.png */,
				FF45D15F18A8EF20000418CE /* round.png */,
				FF45D15D18A8EE91000418CE /* Joy Back.png */,
				FF45D14118A8DB6F000418CE /* dPad.png */,
				FF45D14218A8DB6F000418CE /* Left Joy.png */,
				FF45D14518A8DB6F000418CE /* Right Joy.png */,
				FF45D13F18A8D8D9000418CE /* original copy 4.png */,
				FF45D13D18A8D528000418CE /* ps4-controller.png */,
				FF45D12F18A8BEC4000418CE /* wheel.png */,
				FF45D12D18A8BDFD000418CE /* Joystick Logo.png */,
				FF45D12B18A8BDA6000418CE /* PS LOGO.png */,
				FF45D12918A8BCFE000418CE /* Natural-Paper-Background-Texture-HD.jpg */,
				FF45D12518A8B85A000418CE /* Bluetooth-Smart-scanner.png */,
				FF45D12318A8B75B000418CE /* finder logo.png */,
				FF45D12118A8B2DE000418CE /* PlayStation-Logo.png */,
				FF45D11F18A8B1C0000418CE /* XboxLogo.png */,
				FF45D11D18A8AEE7000418CE /* GBox Logo.png */,
				FFD936D818A79E6200B8F558 /* white back.jpeg */,
			);
			name = "Image Resources";
			sourceTree = "<group>";
		};
		FFD936DD18A7A76900B8F558 /* GBox Finder */ = {
			isa = PBXGroup;
			children = (
				FFB3FA4C18AF3BF00031A2C5 /* GBoxFinderViewController.h */,
				FFB3FA4D18AF3BF00031A2C5 /* GBoxFinderViewController.m */,
				FFB3FA4E18AF3BF00031A2C5 /* GBoxFinderViewController.xib */,
				FFBDB2A918B2030E00FA6C72 /* MapViewAnnotation.h */,
				FFBDB2AA18B2030E00FA6C72 /* MapViewAnnotation.m */,
			);
			name = "GBox Finder";
			sourceTree = "<group>";
		};
		FFD936DE18A7A77900B8F558 /* Settings */ = {
			isa = PBXGroup;
			children = (
				FFD936DF18A7A79200B8F558 /* SettingsViewController.h */,
				FFD936E018A7A79200B8F558 /* SettingsViewController.m */,
				FFD936E118A7A79200B8F558 /* SettingsViewController.xib */,
			);
			name = Settings;
			sourceTree = "<group>";
		};
		FFD936E418A7A9D700B8F558 /* SerialGATT */ = {
			isa = PBXGroup;
			children = (
				FFD936E518A7A9E400B8F558 /* SerialGATT.h */,
				FFD936E618A7A9E400B8F558 /* SerialGATT.m */,
			);
			name = SerialGATT;
			sourceTree = "<group>";
		};
/* End PBXGroup section */

/* Begin PBXNativeTarget section */
		FFD9369B18A799BB00B8F558 /* GBox Finder */ = {
			isa = PBXNativeTarget;
			buildConfigurationList = FFD936C818A799BB00B8F558 /* Build configuration list for PBXNativeTarget "GBox Finder" */;
			buildPhases = (
				FFD9369818A799BB00B8F558 /* Sources */,
				FFD9369918A799BB00B8F558 /* Frameworks */,
				FFD9369A18A799BB00B8F558 /* Resources */,
			);
			buildRules = (
			);
			dependencies = (
			);
			name = "GBox Finder";
			productName = GBox;
			productReference = FFD9369C18A799BB00B8F558 /* GBox Finder.app */;
			productType = "com.apple.product-type.application";
		};
		FFD936B618A799BB00B8F558 /* GBox FinderTests */ = {
			isa = PBXNativeTarget;
			buildConfigurationList = FFD936CB18A799BB00B8F558 /* Build configuration list for PBXNativeTarget "GBox FinderTests" */;
			buildPhases = (
				FFD936B318A799BB00B8F558 /* Sources */,
				FFD936B418A799BB00B8F558 /* Frameworks */,
				FFD936B518A799BB00B8F558 /* Resources */,
			);
			buildRules = (
			);
			dependencies = (
				FFD936BD18A799BB00B8F558 /* PBXTargetDependency */,
			);
			name = "GBox FinderTests";
			productName = GBoxTests;
			productReference = FFD936B718A799BB00B8F558 /* GBox FinderTests.xctest */;
			productType = "com.apple.product-type.bundle.unit-test";
		};
/* End PBXNativeTarget section */

/* Begin PBXProject section */
		FFD9369418A799BB00B8F558 /* Project object */ = {
			isa = PBXProject;
			attributes = {
				LastUpgradeCheck = 0510;
				ORGANIZATIONNAME = DHIRAJJADHAO;
				TargetAttributes = {
					FFD9369B18A799BB00B8F558 = {
						DevelopmentTeam = DUXG8V348H;
						SystemCapabilities = {
							com.apple.BackgroundModes = {
								enabled = 1;
							};
							com.apple.InterAppAudio = {
								enabled = 0;
							};
							com.apple.iOS = {
								enabled = 0;
							};
						};
					};
					FFD936B618A799BB00B8F558 = {
						TestTargetID = FFD9369B18A799BB00B8F558;
					};
				};
			};
			buildConfigurationList = FFD9369718A799BB00B8F558 /* Build configuration list for PBXProject "GBox Finder" */;
			compatibilityVersion = "Xcode 3.2";
			developmentRegion = English;
			hasScannedForEncodings = 0;
			knownRegions = (
				en,
			);
			mainGroup = FFD9369318A799BB00B8F558;
			productRefGroup = FFD9369D18A799BB00B8F558 /* Products */;
			projectDirPath = "";
			projectRoot = "";
			targets = (
				FFD9369B18A799BB00B8F558 /* GBox Finder */,
				FFD936B618A799BB00B8F558 /* GBox FinderTests */,
			);
		};
/* End PBXProject section */

/* Begin PBXResourcesBuildPhase section */
		FFD9369A18A799BB00B8F558 /* Resources */ = {
			isa = PBXResourcesBuildPhase;
			buildActionMask = 2147483647;
			files = (
				FF8BF6C218B61E60008D064E /* gbox29.png in Resources */,
				FF45D14C18A8DB6F000418CE /* Right Joy.png in Resources */,
				FFCB056D18AB91F10025A4DF /* XB.png in Resources */,
				FFAD396118ABD8D800FF013F /* XRight.png in Resources */,
				FFBC01A518B12DBC00B4809D /* gboxfinder logo.png in Resources */,
				FF45D15E18A8EE91000418CE /* Joy Back.png in Resources */,
				FFE051F518AA2419004539B6 /* Start Pressed.png in Resources */,
				FFE051F118AA2170004539B6 /* Select.png in Resources */,
				FFEAF63F18AA4D83006698EA /* Up.png in Resources */,
				FFC0C96418AD077C00D194C3 /* Xglow.png in Resources */,
				FF45D12E18A8BDFD000418CE /* Joystick Logo.png in Resources */,
				FF45D12018A8B1C0000418CE /* XboxLogo.png in Resources */,
				FFD936AA18A799BB00B8F558 /* InfoPlist.strings in Resources */,
				FFA4CB9D18AC75E70040EE9A /* Xstart.png in Resources */,
				FFC5AB6618AD38680048892C /* finder.png in Resources */,
				FFCB056F18AB91F10025A4DF /* XY.png in Resources */,
				FFE051DB18AA1B26004539B6 /* R2.png in Resources */,
				FFA4CB9C18AC75E70040EE9A /* Xselect.png in Resources */,
				FFBC01A118B12B8500B4809D /* pcjoy logo.png in Resources */,
				FFCB056C18AB91F10025A4DF /* XA.png in Resources */,
				FFE051C518AA0C0D004539B6 /* Square.png in Resources */,
				FF4BD01C18DEF72D0098C2F4 /* finderlaunch1136.png in Resources */,
				FFE051BD18AA076F004539B6 /* O Pressed.png in Resources */,
				FF45D11E18A8AEE7000418CE /* GBox Logo.png in Resources */,
				FFBC01A318B12D3B00B4809D /* gbsettings logo.png in Resources */,
				FFE051B918AA076F004539B6 /* Square Pressed.png in Resources */,
				FFC0C97018AD133C00D194C3 /* PSblack.png in Resources */,
				FFE051ED18AA1EF7004539B6 /* R1 Pressed.png in Resources */,
				FF0164FF18DC43B200F38467 /* GBox Finder Logo.png in Resources */,
				FF3D0E1B18D9A7BE002ECAE3 /* iconStatusSignal@2x.png in Resources */,
				FF8BF6C318B61E60008D064E /* gbox57.png in Resources */,
				FF010EB218DD845200065D61 /* neverlooselogo.png in Resources */,
				FFE051EA18AA1EF7004539B6 /* L2 Pressed.png in Resources */,
				FF45D12618A8B85A000418CE /* Bluetooth-Smart-scanner.png in Resources */,
				FF45D14918A8DB6F000418CE /* Left Joy.png in Resources */,
				FFE051B818AA076F004539B6 /* PS Home.png in Resources */,
				FFC5AB6A18AD3AC00048892C /* setting icon.png in Resources */,
				FF8BF6C418B61E60008D064E /* gbox58.png in Resources */,
				FFC0C97118AD133C00D194C3 /* PSblue.png in Resources */,
				FFE051D718AA164C004539B6 /* L1.png in Resources */,
				FFEAF62E18AA45F1006698EA /* pad.png in Resources */,
				FF45D14018A8D8D9000418CE /* original copy 4.png in Resources */,
				FFCB056E18AB91F10025A4DF /* XX.png in Resources */,
				FFB3FA5018AF3BF00031A2C5 /* GBoxFinderViewController.xib in Resources */,
				FFAD395B18ABCC0A00FF013F /* XDown.png in Resources */,
				FF45D13018A8BEC4000418CE /* wheel.png in Resources */,
				FFE051DC18AA1B26004539B6 /* L2.png in Resources */,
				FFE051C918AA0D7E004539B6 /* Triangle Pressed.png in Resources */,
				FFE051BA18AA076F004539B6 /* X Pressed.png in Resources */,
				FFEAF64018AA4D83006698EA /* Left.png in Resources */,
				FFEAF64218AA4D83006698EA /* Down.png in Resources */,
				FFD936D918A79E6200B8F558 /* white back.jpeg in Resources */,
				FFE051B618AA076F004539B6 /* PS Home Pressed.png in Resources */,
				FFE051C718AA0C0D004539B6 /* X.png in Resources */,
				FF0164F918DC3D8200F38467 /* iconStatusAdvertising.png in Resources */,
				FF3D0E1718D9A76F002ECAE3 /* DEAPeripheralsViewController.xib in Resources */,
				FF9D238C18BC9FE400252A70 /* cancle.png in Resources */,
				FFFE118C18E32A3A0091A9F0 /* pin.png in Resources */,
				FFAD396418ABDAE400FF013F /* Xjoyback.png in Resources */,
				FFE051EC18AA1EF7004539B6 /* L1 Pressed.png in Resources */,
				FFE051F418AA2419004539B6 /* Select Pressed.png in Resources */,
				FFEAF64118AA4D83006698EA /* Right.png in Resources */,
				FF45D12418A8B75B000418CE /* finder logo.png in Resources */,
				FFD936B218A799BB00B8F558 /* Images.xcassets in Resources */,
				FFCB057518AB92F20025A4DF /* XRight Joy.png in Resources */,
				FF45D16E18A90805000418CE /* buttonpad.png in Resources */,
				FF45D12218A8B2DE000418CE /* PlayStation-Logo.png in Resources */,
				FF3D0E0D18D9A759002ECAE3 /* DEASensorTagViewController.xib in Resources */,
				FF8BF6C718B61E60008D064E /* gbox120.png in Resources */,
				FFBC01AB18B1324B00B4809D /* Brownback.png in Resources */,
				FFE051DD18AA1B26004539B6 /* R1.png in Resources */,
				FF0164FD18DC3DA500F38467 /* iconBeepOn.png in Resources */,
				FFAD396018ABD8D800FF013F /* XLeft.png in Resources */,
				FFE051EB18AA1EF7004539B6 /* R2 Pressed.png in Resources */,
				FFD936D518A79A3B00B8F558 /* HomeViewController.xib in Resources */,
				FF4BD01B18DEF72D0098C2F4 /* Default-568h@2x.png in Resources */,
				FFE051C018AA07B2004539B6 /* Triangle.png in Resources */,
				FFAD395D18ABD5A500FF013F /* XUp.png in Resources */,
				FF45D16218A8F0E3000418CE /* round right.png in Resources */,
				FFBC01A918B1316000B4809D /* Greenback.png in Resources */,
				FFE051C618AA0C0D004539B6 /* O.png in Resources */,
				FFC1771218B0DD6A00AEC693 /* gboxnote.mp3 in Resources */,
				FF4BD01A18DEF72D0098C2F4 /* finderlaunch960.png in Resources */,
				FFC0C96918AD0A6900D194C3 /* XGuide button.png in Resources */,
				FFCB057318AB92F20025A4DF /* XdPad.png in Resources */,
				FF45D16018A8EF20000418CE /* round.png in Resources */,
				FF45D12A18A8BCFE000418CE /* Natural-Paper-Background-Texture-HD.jpg in Resources */,
				FF45D12C18A8BDA6000418CE /* PS LOGO.png in Resources */,
				FF8BF6C518B61E60008D064E /* gbox80.png in Resources */,
				FF45D14818A8DB6F000418CE /* dPad.png in Resources */,
				FFE99C4018AF9F4B0024002D /* refresh.png in Resources */,
				FF0164FB18DC3D9E00F38467 /* iconBeepOff.png in Resources */,
				FF3D0E1A18D9A7BE002ECAE3 /* iconStatusSignal.png in Resources */,
				FFCB057418AB92F20025A4DF /* XLeft Joy.png in Resources */,
				FFAD396518ABDAE400FF013F /* Xjoybut.png in Resources */,
				FF8BF6C618B61E60008D064E /* gbox114.png in Resources */,
				FF3D7D1D18D2C8C30079E212 /* Blackback.png in Resources */,
				FF45D13E18A8D528000418CE /* ps4-controller.png in Resources */,
				FF3D0E1218D9A763002ECAE3 /* DEAPeripheralTableViewCell.xib in Resources */,
				FFAEEEE418AB5A1D00BB1998 /* back.png in Resources */,
				FFD936E318A7A79200B8F558 /* SettingsViewController.xib in Resources */,
				FFE051F018AA2170004539B6 /* Start.png in Resources */,
			);
			runOnlyForDeploymentPostprocessing = 0;
		};
		FFD936B518A799BB00B8F558 /* Resources */ = {
			isa = PBXResourcesBuildPhase;
			buildActionMask = 2147483647;
			files = (
				FF3D7D1E18D2C8C30079E212 /* Blackback.png in Resources */,
				FFD936C318A799BB00B8F558 /* InfoPlist.strings in Resources */,
			);
			runOnlyForDeploymentPostprocessing = 0;
		};
/* End PBXResourcesBuildPhase section */

/* Begin PBXSourcesBuildPhase section */
		FFD9369818A799BB00B8F558 /* Sources */ = {
			isa = PBXSourcesBuildPhase;
			buildActionMask = 2147483647;
			files = (
				FF3D0DCE18D9A717002ECAE3 /* DEACentralManager.m in Sources */,
				FF3D0DE418D9A72B002ECAE3 /* DEASensorTag.m in Sources */,
				FF3D0DED18D9A72B002ECAE3 /* DEATemperatureService.m in Sources */,
				FF3D0DE618D9A72B002ECAE3 /* DEAAccelerometerService.m in Sources */,
				FF3D0DEA18D9A72B002ECAE3 /* DEAHumidityService.m in Sources */,
				FF3D0DE518D9A72B002ECAE3 /* DEABaseService.m in Sources */,
				FF3D0E0618D9A740002ECAE3 /* YMSCBUtils.m in Sources */,
				FF3D0DC818D9A706002ECAE3 /* DEADefaultTheme.m in Sources */,
				FF3D0E0718D9A740002ECAE3 /* YMSCBStoredPeripherals.m in Sources */,
				FFBDB2AB18B2030E00FA6C72 /* MapViewAnnotation.m in Sources */,
				FF3D0E3118D9B81B002ECAE3 /* DEAHumidityViewCell.m in Sources */,
				FF3D0E2E18D9B81B002ECAE3 /* DEABarometerViewCell.m in Sources */,
				FF3D0DCB18D9A70E002ECAE3 /* DEABaseViewController.m in Sources */,
				FFD936B018A799BB00B8F558 /* AppDelegate.m in Sources */,
				FF3D0E3218D9B81B002ECAE3 /* DEAMagnetometerViewCell.m in Sources */,
				FF3D0DE818D9A72B002ECAE3 /* DEADeviceInfoService.m in Sources */,
				FF3D0E0018D9A740002ECAE3 /* YMS128.c in Sources */,
				FF3D0E2F18D9B81B002ECAE3 /* DEADeviceInfoViewCell.m in Sources */,
				FF3D0DC718D9A706002ECAE3 /* DEATheme.m in Sources */,
				FF3D0E2D18D9B81B002ECAE3 /* DEAAccelerometerViewCell.m in Sources */,
				FF3D0E0518D9A740002ECAE3 /* YMSCBDescriptor.m in Sources */,
				FF3D0E3318D9B81B002ECAE3 /* DEASimpleKeysViewCell.m in Sources */,
				FF3D0E1118D9A763002ECAE3 /* DEAPeripheralTableViewCell.m in Sources */,
				FF3D0E0318D9A740002ECAE3 /* YMSCBService.m in Sources */,
				FF3D0DE918D9A72B002ECAE3 /* DEAGyroscopeService.m in Sources */,
				FF3D0E0C18D9A759002ECAE3 /* DEASensorTagViewController.m in Sources */,
				FF3D0E3418D9B81B002ECAE3 /* DEATemperatureViewCell.m in Sources */,
				FFD936AC18A799BB00B8F558 /* main.m in Sources */,
				FF3D0E1618D9A76F002ECAE3 /* DEAPeripheralsViewController.m in Sources */,
				FFD936D418A79A3B00B8F558 /* HomeViewController.m in Sources */,
				FF3D0DEC18D9A72B002ECAE3 /* DEASimpleKeysService.m in Sources */,
				FF3D0E0118D9A740002ECAE3 /* YMSCBCentralManager.m in Sources */,
				FF3D0E0418D9A740002ECAE3 /* YMSCBCharacteristic.m in Sources */,
				FF3D0E0818D9A740002ECAE3 /* NSMutableArray+fifoQueue.m in Sources */,
				FF3D0DEB18D9A72B002ECAE3 /* DEAMagnetometerService.m in Sources */,
				FF3D0DE718D9A72B002ECAE3 /* DEABarometerService.m in Sources */,
				FFD936E218A7A79200B8F558 /* SettingsViewController.m in Sources */,
				FFB3FA4F18AF3BF00031A2C5 /* GBoxFinderViewController.m in Sources */,
				FF3D0E0218D9A740002ECAE3 /* YMSCBPeripheral.m in Sources */,
				FF3D0E3018D9B81B002ECAE3 /* DEAGyroscopeViewCell.m in Sources */,
				FFD936E718A7A9E400B8F558 /* SerialGATT.m in Sources */,
			);
			runOnlyForDeploymentPostprocessing = 0;
		};
		FFD936B318A799BB00B8F558 /* Sources */ = {
			isa = PBXSourcesBuildPhase;
			buildActionMask = 2147483647;
			files = (
				FFD936C518A799BB00B8F558 /* GBoxTests.m in Sources */,
			);
			runOnlyForDeploymentPostprocessing = 0;
		};
/* End PBXSourcesBuildPhase section */

/* Begin PBXTargetDependency section */
		FFD936BD18A799BB00B8F558 /* PBXTargetDependency */ = {
			isa = PBXTargetDependency;
			target = FFD9369B18A799BB00B8F558 /* GBox Finder */;
			targetProxy = FFD936BC18A799BB00B8F558 /* PBXContainerItemProxy */;
		};
/* End PBXTargetDependency section */

/* Begin PBXVariantGroup section */
		FFD936A818A799BB00B8F558 /* InfoPlist.strings */ = {
			isa = PBXVariantGroup;
			children = (
				FFD936A918A799BB00B8F558 /* en */,
			);
			name = InfoPlist.strings;
			sourceTree = "<group>";
		};
		FFD936C118A799BB00B8F558 /* InfoPlist.strings */ = {
			isa = PBXVariantGroup;
			children = (
				FFD936C218A799BB00B8F558 /* en */,
			);
			name = InfoPlist.strings;
			sourceTree = "<group>";
		};
/* End PBXVariantGroup section */

/* Begin XCBuildConfiguration section */
		FFD936C618A799BB00B8F558 /* Debug */ = {
			isa = XCBuildConfiguration;
			buildSettings = {
				ALWAYS_SEARCH_USER_PATHS = NO;
				CLANG_CXX_LANGUAGE_STANDARD = "gnu++0x";
				CLANG_CXX_LIBRARY = "libc++";
				CLANG_ENABLE_MODULES = YES;
				CLANG_ENABLE_OBJC_ARC = YES;
				CLANG_WARN_BOOL_CONVERSION = YES;
				CLANG_WARN_CONSTANT_CONVERSION = YES;
				CLANG_WARN_DIRECT_OBJC_ISA_USAGE = YES_ERROR;
				CLANG_WARN_EMPTY_BODY = YES;
				CLANG_WARN_ENUM_CONVERSION = YES;
				CLANG_WARN_INT_CONVERSION = YES;
				CLANG_WARN_OBJC_ROOT_CLASS = YES_ERROR;
				CLANG_WARN__DUPLICATE_METHOD_MATCH = YES;
				"CODE_SIGN_IDENTITY[sdk=iphoneos*]" = "iPhone Developer";
				COPY_PHASE_STRIP = NO;
				GCC_C_LANGUAGE_STANDARD = gnu99;
				GCC_DYNAMIC_NO_PIC = NO;
				GCC_OPTIMIZATION_LEVEL = 0;
				GCC_PREPROCESSOR_DEFINITIONS = (
					"DEBUG=1",
					"$(inherited)",
				);
				GCC_SYMBOLS_PRIVATE_EXTERN = NO;
				GCC_WARN_64_TO_32_BIT_CONVERSION = YES;
				GCC_WARN_ABOUT_RETURN_TYPE = YES_ERROR;
				GCC_WARN_UNDECLARED_SELECTOR = YES;
				GCC_WARN_UNINITIALIZED_AUTOS = YES;
				GCC_WARN_UNUSED_FUNCTION = YES;
				GCC_WARN_UNUSED_VARIABLE = YES;
				IPHONEOS_DEPLOYMENT_TARGET = 7.0;
				ONLY_ACTIVE_ARCH = YES;
				SDKROOT = iphoneos;
			};
			name = Debug;
		};
		FFD936C718A799BB00B8F558 /* Release */ = {
			isa = XCBuildConfiguration;
			buildSettings = {
				ALWAYS_SEARCH_USER_PATHS = NO;
				CLANG_CXX_LANGUAGE_STANDARD = "gnu++0x";
				CLANG_CXX_LIBRARY = "libc++";
				CLANG_ENABLE_MODULES = YES;
				CLANG_ENABLE_OBJC_ARC = YES;
				CLANG_WARN_BOOL_CONVERSION = YES;
				CLANG_WARN_CONSTANT_CONVERSION = YES;
				CLANG_WARN_DIRECT_OBJC_ISA_USAGE = YES_ERROR;
				CLANG_WARN_EMPTY_BODY = YES;
				CLANG_WARN_ENUM_CONVERSION = YES;
				CLANG_WARN_INT_CONVERSION = YES;
				CLANG_WARN_OBJC_ROOT_CLASS = YES_ERROR;
				CLANG_WARN__DUPLICATE_METHOD_MATCH = YES;
				"CODE_SIGN_IDENTITY[sdk=iphoneos*]" = "iPhone Developer";
				COPY_PHASE_STRIP = YES;
				ENABLE_NS_ASSERTIONS = NO;
				GCC_C_LANGUAGE_STANDARD = gnu99;
				GCC_WARN_64_TO_32_BIT_CONVERSION = YES;
				GCC_WARN_ABOUT_RETURN_TYPE = YES_ERROR;
				GCC_WARN_UNDECLARED_SELECTOR = YES;
				GCC_WARN_UNINITIALIZED_AUTOS = YES;
				GCC_WARN_UNUSED_FUNCTION = YES;
				GCC_WARN_UNUSED_VARIABLE = YES;
				IPHONEOS_DEPLOYMENT_TARGET = 7.0;
				SDKROOT = iphoneos;
				VALIDATE_PRODUCT = YES;
			};
			name = Release;
		};
		FFD936C918A799BB00B8F558 /* Debug */ = {
			isa = XCBuildConfiguration;
			buildSettings = {
				ASSETCATALOG_COMPILER_APPICON_NAME = AppIcon;
				CLANG_ENABLE_OBJC_ARC = YES;
				CODE_SIGN_IDENTITY = "iPhone Developer";
				"CODE_SIGN_IDENTITY[sdk=iphoneos*]" = "iPhone Developer";
				"FRAMEWORK_SEARCH_PATHS[sdk=iphoneos7.0]" = "";
				GCC_PRECOMPILE_PREFIX_HEADER = YES;
				GCC_PREFIX_HEADER = "GBox/GBox Finder-Prefix.pch";
				INFOPLIST_FILE = "GBox/GBox Finder-Info.plist";
				IPHONEOS_DEPLOYMENT_TARGET = 7.0;
				PRODUCT_NAME = "GBox Finder";
				PROVISIONING_PROFILE = "";
				TARGETED_DEVICE_FAMILY = 1;
				WRAPPER_EXTENSION = app;
			};
			name = Debug;
		};
		FFD936CA18A799BB00B8F558 /* Release */ = {
			isa = XCBuildConfiguration;
			buildSettings = {
				ASSETCATALOG_COMPILER_APPICON_NAME = AppIcon;
				CLANG_ENABLE_OBJC_ARC = YES;
				CODE_SIGN_IDENTITY = "iPhone Developer";
				"CODE_SIGN_IDENTITY[sdk=iphoneos*]" = "iPhone Developer";
				"FRAMEWORK_SEARCH_PATHS[sdk=iphoneos7.0]" = "";
				GCC_PRECOMPILE_PREFIX_HEADER = YES;
				GCC_PREFIX_HEADER = "GBox/GBox Finder-Prefix.pch";
				INFOPLIST_FILE = "GBox/GBox Finder-Info.plist";
				IPHONEOS_DEPLOYMENT_TARGET = 7.0;
				PRODUCT_NAME = "GBox Finder";
				PROVISIONING_PROFILE = "";
				TARGETED_DEVICE_FAMILY = 1;
				WRAPPER_EXTENSION = app;
			};
			name = Release;
		};
		FFD936CC18A799BB00B8F558 /* Debug */ = {
			isa = XCBuildConfiguration;
			buildSettings = {
				BUNDLE_LOADER = "$(BUILT_PRODUCTS_DIR)/GBox.app/GBox";
				CLANG_ENABLE_OBJC_ARC = YES;
				FRAMEWORK_SEARCH_PATHS = (
					"$(SDKROOT)/Developer/Library/Frameworks",
					"$(inherited)",
					"$(DEVELOPER_FRAMEWORKS_DIR)",
				);
				GCC_PRECOMPILE_PREFIX_HEADER = YES;
				GCC_PREFIX_HEADER = "GBox/GBox-Prefix.pch";
				GCC_PREPROCESSOR_DEFINITIONS = (
					"DEBUG=1",
					"$(inherited)",
				);
				INFOPLIST_FILE = "GBoxTests/GBox FinderTests-Info.plist";
				PRODUCT_NAME = "GBox FinderTests";
				TEST_HOST = "$(BUNDLE_LOADER)";
				WRAPPER_EXTENSION = xctest;
			};
			name = Debug;
		};
		FFD936CD18A799BB00B8F558 /* Release */ = {
			isa = XCBuildConfiguration;
			buildSettings = {
				BUNDLE_LOADER = "$(BUILT_PRODUCTS_DIR)/GBox.app/GBox";
				CLANG_ENABLE_OBJC_ARC = YES;
				FRAMEWORK_SEARCH_PATHS = (
					"$(SDKROOT)/Developer/Library/Frameworks",
					"$(inherited)",
					"$(DEVELOPER_FRAMEWORKS_DIR)",
				);
				GCC_PRECOMPILE_PREFIX_HEADER = YES;
				GCC_PREFIX_HEADER = "GBox/GBox-Prefix.pch";
				INFOPLIST_FILE = "GBoxTests/GBox FinderTests-Info.plist";
				PRODUCT_NAME = "GBox FinderTests";
				TEST_HOST = "$(BUNDLE_LOADER)";
				WRAPPER_EXTENSION = xctest;
			};
			name = Release;
		};
/* End XCBuildConfiguration section */

/* Begin XCConfigurationList section */
		FFD9369718A799BB00B8F558 /* Build configuration list for PBXProject "GBox Finder" */ = {
			isa = XCConfigurationList;
			buildConfigurations = (
				FFD936C618A799BB00B8F558 /* Debug */,
				FFD936C718A799BB00B8F558 /* Release */,
			);
			defaultConfigurationIsVisible = 0;
			defaultConfigurationName = Release;
		};
		FFD936C818A799BB00B8F558 /* Build configuration list for PBXNativeTarget "GBox Finder" */ = {
			isa = XCConfigurationList;
			buildConfigurations = (
				FFD936C918A799BB00B8F558 /* Debug */,
				FFD936CA18A799BB00B8F558 /* Release */,
			);
			defaultConfigurationIsVisible = 0;
			defaultConfigurationName = Release;
		};
		FFD936CB18A799BB00B8F558 /* Build configuration list for PBXNativeTarget "GBox FinderTests" */ = {
			isa = XCConfigurationList;
			buildConfigurations = (
				FFD936CC18A799BB00B8F558 /* Debug */,
				FFD936CD18A799BB00B8F558 /* Release */,
			);
			defaultConfigurationIsVisible = 0;
			defaultConfigurationName = Release;
		};
/* End XCConfigurationList section */
	};
	rootObject = FFD9369418A799BB00B8F558 /* Project object */;
}
